
Microsoft Visual Studio Solution File, Format Version 12.00
# Visual Studio Version 17
VisualStudioVersion = 17.0.32126.317
MinimumVisualStudioVersion = 10.0.40219.1
Project("{FAE04EC0-301F-11D3-BF4B-00C04F79EFBC}") = "FirstApp.UWP", "FirstApp.UWP\FirstApp.UWP.csproj", "{8DD82124-64B6-418A-8A6F-BE6227B87AB9}"
EndProject
Project("{FAE04EC0-301F-11D3-BF4B-00C04F79EFBC}") = "FirstApp.Android", "FirstApp.Android\FirstApp.Android.csproj", "{27D8B2DC-0CE0-4259-936A-75EC9F5447D4}"
EndProject
Project("{FAE04EC0-301F-11D3-BF4B-00C04F79EFBC}") = "FirstApp.iOS", "FirstApp.iOS\FirstApp.iOS.csproj", "{548930EB-EFDC-451D-B209-91231568F7E9}"
EndProject
Project("{FAE04EC0-301F-11D3-BF4B-00C04F79EFBC}") = "FirstApp", "FirstApp\FirstApp.csproj", "{7EE35779-82F3-4A03-A53C-3E8F55CCF1C6}"
EndProject
Global
	GlobalSection(SolutionConfigurationPlatforms) = preSolution
		Debug|Any CPU = Debug|Any CPU
		Debug|ARM = Debug|ARM
		Debug|iPhone = Debug|iPhone
		Debug|iPhoneSimulator = Debug|iPhoneSimulator
		Debug|x64 = Debug|x64
		Debug|x86 = Debug|x86
		Release|Any CPU = Release|Any CPU
		Release|ARM = Release|ARM
		Release|iPhone = Release|iPhone
		Release|iPhoneSimulator = Release|iPhoneSimulator
		Release|x64 = Release|x64
		Release|x86 = Release|x86
	EndGlobalSection
	GlobalSection(ProjectConfigurationPlatforms) = postSolution
		{8DD82124-64B6-418A-8A6F-BE6227B87AB9}.Debug|Any CPU.ActiveCfg = Debug|x64
		{8DD82124-64B6-418A-8A6F-BE6227B87AB9}.Debug|Any CPU.Build.0 = Debug|x64
		{8DD82124-64B6-418A-8A6F-BE6227B87AB9}.Debug|Any CPU.Deploy.0 = Debug|x64
		{8DD82124-64B6-418A-8A6F-BE6227B87AB9}.Debug|ARM.ActiveCfg = Debug|ARM
		{8DD82124-64B6-418A-8A6F-BE6227B87AB9}.Debug|ARM.Build.0 = Debug|ARM
		{8DD82124-64B6-418A-8A6F-BE6227B87AB9}.Debug|ARM.Deploy.0 = Debug|ARM
		{8DD82124-64B6-418A-8A6F-BE6227B87AB9}.Debug|iPhone.ActiveCfg = Debug|x64
		{8DD82124-64B6-418A-8A6F-BE6227B87AB9}.Debug|iPhone.Build.0 = Debug|x64
		{8DD82124-64B6-418A-8A6F-BE6227B87AB9}.Debug|iPhone.Deploy.0 = Debug|x64
		{8DD82124-64B6-418A-8A6F-BE6227B87AB9}.Debug|iPhoneSimulator.ActiveCfg = Debug|x64
		{8DD82124-64B6-418A-8A6F-BE6227B87AB9}.Debug|iPhoneSimulator.Build.0 = Debug|x64
		{8DD82124-64B6-418A-8A6F-BE6227B87AB9}.Debug|iPhoneSimulator.Deploy.0 = Debug|x64
		{8DD82124-64B6-418A-8A6F-BE6227B87AB9}.Debug|x64.ActiveCfg = Debug|x64
		{8DD82124-64B6-418A-8A6F-BE6227B87AB9}.Debug|x64.Build.0 = Debug|x64
		{8DD82124-64B6-418A-8A6F-BE6227B87AB9}.Debug|x64.Deploy.0 = Debug|x64
		{8DD82124-64B6-418A-8A6F-BE6227B87AB9}.Debug|x86.ActiveCfg = Debug|x86
		{8DD82124-64B6-418A-8A6F-BE6227B87AB9}.Debug|x86.Build.0 = Debug|x86
		{8DD82124-64B6-418A-8A6F-BE6227B87AB9}.Debug|x86.Deploy.0 = Debug|x86
		{8DD82124-64B6-418A-8A6F-BE6227B87AB9}.Release|Any CPU.ActiveCfg = Release|x64
		{8DD82124-64B6-418A-8A6F-BE6227B87AB9}.Release|Any CPU.Build.0 = Release|x64
		{8DD82124-64B6-418A-8A6F-BE6227B87AB9}.Release|Any CPU.Deploy.0 = Release|x64
		{8DD82124-64B6-418A-8A6F-BE6227B87AB9}.Release|ARM.ActiveCfg = Release|ARM
		{8DD82124-64B6-418A-8A6F-BE6227B87AB9}.Release|ARM.Build.0 = Release|ARM
		{8DD82124-64B6-418A-8A6F-BE6227B87AB9}.Release|ARM.Deploy.0 = Release|ARM
		{8DD82124-64B6-418A-8A6F-BE6227B87AB9}.Release|iPhone.ActiveCfg = Release|x64
		{8DD82124-64B6-418A-8A6F-BE6227B87AB9}.Release|iPhone.Build.0 = Release|x64
		{8DD82124-64B6-418A-8A6F-BE6227B87AB9}.Release|iPhone.Deploy.0 = Release|x64
		{8DD82124-64B6-418A-8A6F-BE6227B87AB9}.Release|iPhoneSimulator.ActiveCfg = Release|x64
		{8DD82124-64B6-418A-8A6F-BE6227B87AB9}.Release|iPhoneSimulator.Build.0 = Release|x64
		{8DD82124-64B6-418A-8A6F-BE6227B87AB9}.Release|iPhoneSimulator.Deploy.0 = Release|x64
		{8DD82124-64B6-418A-8A6F-BE6227B87AB9}.Release|x64.ActiveCfg = Release|x64
		{8DD82124-64B6-418A-8A6F-BE6227B87AB9}.Release|x64.Build.0 = Release|x64
		{8DD82124-64B6-418A-8A6F-BE6227B87AB9}.Release|x64.Deploy.0 = Release|x64
		{8DD82124-64B6-418A-8A6F-BE6227B87AB9}.Release|x86.ActiveCfg = Release|x86
		{8DD82124-64B6-418A-8A6F-BE6227B87AB9}.Release|x86.Build.0 = Release|x86
		{8DD82124-64B6-418A-8A6F-BE6227B87AB9}.Release|x86.Deploy.0 = Release|x86
		{27D8B2DC-0CE0-4259-936A-75EC9F5447D4}.Debug|Any CPU.ActiveCfg = Debug|Any CPU
		{27D8B2DC-0CE0-4259-936A-75EC9F5447D4}.Debug|Any CPU.Build.0 = Debug|Any CPU
		{27D8B2DC-0CE0-4259-936A-75EC9F5447D4}.Debug|Any CPU.Deploy.0 = Debug|Any CPU
		{27D8B2DC-0CE0-4259-936A-75EC9F5447D4}.Debug|ARM.ActiveCfg = Debug|Any CPU
		{27D8B2DC-0CE0-4259-936A-75EC9F5447D4}.Debug|ARM.Build.0 = Debug|Any CPU
		{27D8B2DC-0CE0-4259-936A-75EC9F5447D4}.Debug|ARM.Deploy.0 = Debug|Any CPU
		{27D8B2DC-0CE0-4259-936A-75EC9F5447D4}.Debug|iPhone.ActiveCfg = Debug|Any CPU
		{27D8B2DC-0CE0-4259-936A-75EC9F5447D4}.Debug|iPhone.Build.0 = Debug|Any CPU
		{27D8B2DC-0CE0-4259-936A-75EC9F5447D4}.Debug|iPhone.Deploy.0 = Debug|Any CPU
		{27D8B2DC-0CE0-4259-936A-75EC9F5447D4}.Debug|iPhoneSimulator.ActiveCfg = Debug|Any CPU
		{27D8B2DC-0CE0-4259-936A-75EC9F5447D4}.Debug|iPhoneSimulator.Build.0 = Debug|Any CPU
		{27D8B2DC-0CE0-4259-936A-75EC9F5447D4}.Debug|iPhoneSimulator.Deploy.0 = Debug|Any CPU
		{27D8B2DC-0CE0-4259-936A-75EC9F5447D4}.Debug|x64.ActiveCfg = Debug|Any CPU
		{27D8B2DC-0CE0-4259-936A-75EC9F5447D4}.Debug|x64.Build.0 = Debug|Any CPU
		{27D8B2DC-0CE0-4259-936A-75EC9F5447D4}.Debug|x64.Deploy.0 = Debug|Any CPU
		{27D8B2DC-0CE0-4259-936A-75EC9F5447D4}.Debug|x86.ActiveCfg = Debug|Any CPU
		{27D8B2DC-0CE0-4259-936A-75EC9F5447D4}.Debug|x86.Build.0 = Debug|Any CPU
		{27D8B2DC-0CE0-4259-936A-75EC9F5447D4}.Debug|x86.Deploy.0 = Debug|Any CPU
		{27D8B2DC-0CE0-4259-936A-75EC9F5447D4}.Release|Any CPU.ActiveCfg = Release|Any CPU
		{27D8B2DC-0CE0-4259-936A-75EC9F5447D4}.Release|Any CPU.Build.0 = Release|Any CPU
		{27D8B2DC-0CE0-4259-936A-75EC9F5447D4}.Release|Any CPU.Deploy.0 = Release|Any CPU
		{27D8B2DC-0CE0-4259-936A-75EC9F5447D4}.Release|ARM.ActiveCfg = Release|Any CPU
		{27D8B2DC-0CE0-4259-936A-75EC9F5447D4}.Release|ARM.Build.0 = Release|Any CPU
		{27D8B2DC-0CE0-4259-936A-75EC9F5447D4}.Release|ARM.Deploy.0 = Release|Any CPU
		{27D8B2DC-0CE0-4259-936A-75EC9F5447D4}.Release|iPhone.ActiveCfg = Release|Any CPU
		{27D8B2DC-0CE0-4259-936A-75EC9F5447D4}.Release|iPhone.Build.0 = Release|Any CPU
		{27D8B2DC-0CE0-4259-936A-75EC9F5447D4}.Release|iPhone.Deploy.0 = Release|Any CPU
		{27D8B2DC-0CE0-4259-936A-75EC9F5447D4}.Release|iPhoneSimulator.ActiveCfg = Release|Any CPU
		{27D8B2DC-0CE0-4259-936A-75EC9F5447D4}.Release|iPhoneSimulator.Build.0 = Release|Any CPU
		{27D8B2DC-0CE0-4259-936A-75EC9F5447D4}.Release|iPhoneSimulator.Deploy.0 = Release|Any CPU
		{27D8B2DC-0CE0-4259-936A-75EC9F5447D4}.Release|x64.ActiveCfg = Release|Any CPU
		{27D8B2DC-0CE0-4259-936A-75EC9F5447D4}.Release|x64.Build.0 = Release|Any CPU
		{27D8B2DC-0CE0-4259-936A-75EC9F5447D4}.Release|x64.Deploy.0 = Release|Any CPU
		{27D8B2DC-0CE0-4259-936A-75EC9F5447D4}.Release|x86.ActiveCfg = Release|Any CPU
		{27D8B2DC-0CE0-4259-936A-75EC9F5447D4}.Release|x86.Build.0 = Release|Any CPU
		{27D8B2DC-0CE0-4259-936A-75EC9F5447D4}.Release|x86.Deploy.0 = Release|Any CPU
		{548930EB-EFDC-451D-B209-91231568F7E9}.Debug|Any CPU.ActiveCfg = Debug|iPhoneSimulator
		{548930EB-EFDC-451D-B209-91231568F7E9}.Debug|Any CPU.Build.0 = Debug|iPhoneSimulator
		{548930EB-EFDC-451D-B209-91231568F7E9}.Debug|Any CPU.Deploy.0 = Debug|iPhoneSimulator
		{548930EB-EFDC-451D-B209-91231568F7E9}.Debug|ARM.ActiveCfg = Debug|iPhoneSimulator
		{548930EB-EFDC-451D-B209-91231568F7E9}.Debug|ARM.Build.0 = Debug|iPhoneSimulator
		{548930EB-EFDC-451D-B209-91231568F7E9}.Debug|ARM.Deploy.0 = Debug|iPhoneSimulator
		{548930EB-EFDC-451D-B209-91231568F7E9}.Debug|iPhone.ActiveCfg = Debug|iPhone
		{548930EB-EFDC-451D-B209-91231568F7E9}.Debug|iPhone.Build.0 = Debug|iPhone
		{548930EB-EFDC-451D-B209-91231568F7E9}.Debug|iPhone.Deploy.0 = Debug|iPhone
		{548930EB-EFDC-451D-B209-91231568F7E9}.Debug|iPhoneSimulator.ActiveCfg = Debug|iPhoneSimulator
		{548930EB-EFDC-451D-B209-91231568F7E9}.Debug|iPhoneSimulator.Build.0 = Debug|iPhoneSimulator
		{548930EB-EFDC-451D-B209-91231568F7E9}.Debug|iPhoneSimulator.Deploy.0 = Debug|iPhoneSimulator
		{548930EB-EFDC-451D-B209-91231568F7E9}.Debug|x64.ActiveCfg = Debug|iPhone
		{548930EB-EFDC-451D-B209-91231568F7E9}.Debug|x64.Build.0 = Debug|iPhone
		{548930EB-EFDC-451D-B209-91231568F7E9}.Debug|x64.Deploy.0 = Debug|iPhone
		{548930EB-EFDC-451D-B209-91231568F7E9}.Debug|x86.ActiveCfg = Debug|iPhoneSimulator
		{548930EB-EFDC-451D-B209-91231568F7E9}.Debug|x86.Build.0 = Debug|iPhoneSimulator
		{548930EB-EFDC-451D-B209-91231568F7E9}.Debug|x86.Deploy.0 = Debug|iPhoneSimulator
		{548930EB-EFDC-451D-B209-91231568F7E9}.Release|Any CPU.ActiveCfg = Release|iPhoneSimulator
		{548930EB-EFDC-451D-B209-91231568F7E9}.Release|Any CPU.Build.0 = Release|iPhoneSimulator
		{548930EB-EFDC-451D-B209-91231568F7E9}.Release|Any CPU.Deploy.0 = Release|iPhoneSimulator
		{548930EB-EFDC-451D-B209-91231568F7E9}.Release|ARM.ActiveCfg = Release|iPhoneSimulator
		{548930EB-EFDC-451D-B209-91231568F7E9}.Release|ARM.Build.0 = Release|iPhoneSimulator
		{548930EB-EFDC-451D-B209-91231568F7E9}.Release|ARM.Deploy.0 = Release|iPhoneSimulator
		{548930EB-EFDC-451D-B209-91231568F7E9}.Release|iPhone.ActiveCfg = Release|iPhone
		{548930EB-EFDC-451D-B209-91231568F7E9}.Release|iPhone.Build.0 = Release|iPhone
		{548930EB-EFDC-451D-B209-91231568F7E9}.Release|iPhone.Deploy.0 = Release|iPhone
		{548930EB-EFDC-451D-B209-91231568F7E9}.Release|iPhoneSimulator.ActiveCfg = Release|iPhoneSimulator
		{548930EB-EFDC-451D-B209-91231568F7E9}.Release|iPhoneSimulator.Build.0 = Release|iPhoneSimulator
		{548930EB-EFDC-451D-B209-91231568F7E9}.Release|iPhoneSimulator.Deploy.0 = Release|iPhoneSimulator
		{548930EB-EFDC-451D-B209-91231568F7E9}.Release|x64.ActiveCfg = Release|iPhoneSimulator
		{548930EB-EFDC-451D-B209-91231568F7E9}.Release|x64.Build.0 = Release|iPhoneSimulator
		{548930EB-EFDC-451D-B209-91231568F7E9}.Release|x64.Deploy.0 = Release|iPhoneSimulator
		{548930EB-EFDC-451D-B209-91231568F7E9}.Release|x86.ActiveCfg = Release|iPhoneSimulator
		{548930EB-EFDC-451D-B209-91231568F7E9}.Release|x86.Build.0 = Release|iPhoneSimulator
		{548930EB-EFDC-451D-B209-91231568F7E9}.Release|x86.Deploy.0 = Release|iPhoneSimulator
		{7EE35779-82F3-4A03-A53C-3E8F55CCF1C6}.Debug|Any CPU.ActiveCfg = Debug|Any CPU
		{7EE35779-82F3-4A03-A53C-3E8F55CCF1C6}.Debug|Any CPU.Build.0 = Debug|Any CPU
		{7EE35779-82F3-4A03-A53C-3E8F55CCF1C6}.Debug|Any CPU.Deploy.0 = Debug|Any CPU
		{7EE35779-82F3-4A03-A53C-3E8F55CCF1C6}.Debug|ARM.ActiveCfg = Debug|Any CPU
		{7EE35779-82F3-4A03-A53C-3E8F55CCF1C6}.Debug|ARM.Build.0 = Debug|Any CPU
		{7EE35779-82F3-4A03-A53C-3E8F55CCF1C6}.Debug|ARM.Deploy.0 = Debug|Any CPU
		{7EE35779-82F3-4A03-A53C-3E8F55CCF1C6}.Debug|iPhone.ActiveCfg = Debug|Any CPU
		{7EE35779-82F3-4A03-A53C-3E8F55CCF1C6}.Debug|iPhone.Build.0 = Debug|Any CPU
		{7EE35779-82F3-4A03-A53C-3E8F55CCF1C6}.Debug|iPhone.Deploy.0 = Debug|Any CPU
		{7EE35779-82F3-4A03-A53C-3E8F55CCF1C6}.Debug|iPhoneSimulator.ActiveCfg = Debug|Any CPU
		{7EE35779-82F3-4A03-A53C-3E8F55CCF1C6}.Debug|iPhoneSimulator.Build.0 = Debug|Any CPU
		{7EE35779-82F3-4A03-A53C-3E8F55CCF1C6}.Debug|iPhoneSimulator.Deploy.0 = Debug|Any CPU
		{7EE35779-82F3-4A03-A53C-3E8F55CCF1C6}.Debug|x64.ActiveCfg = Debug|Any CPU
		{7EE35779-82F3-4A03-A53C-3E8F55CCF1C6}.Debug|x64.Build.0 = Debug|Any CPU
		{7EE35779-82F3-4A03-A53C-3E8F55CCF1C6}.Debug|x64.Deploy.0 = Debug|Any CPU
		{7EE35779-82F3-4A03-A53C-3E8F55CCF1C6}.Debug|x86.ActiveCfg = Debug|Any CPU
		{7EE35779-82F3-4A03-A53C-3E8F55CCF1C6}.Debug|x86.Build.0 = Debug|Any CPU
		{7EE35779-82F3-4A03-A53C-3E8F55CCF1C6}.Debug|x86.Deploy.0 = Debug|Any CPU
		{7EE35779-82F3-4A03-A53C-3E8F55CCF1C6}.Release|Any CPU.ActiveCfg = Release|Any CPU
		{7EE35779-82F3-4A03-A53C-3E8F55CCF1C6}.Release|Any CPU.Build.0 = Release|Any CPU
		{7EE35779-82F3-4A03-A53C-3E8F55CCF1C6}.Release|Any CPU.Deploy.0 = Release|Any CPU
		{7EE35779-82F3-4A03-A53C-3E8F55CCF1C6}.Release|ARM.ActiveCfg = Release|Any CPU
		{7EE35779-82F3-4A03-A53C-3E8F55CCF1C6}.Release|ARM.Build.0 = Release|Any CPU
		{7EE35779-82F3-4A03-A53C-3E8F55CCF1C6}.Release|ARM.Deploy.0 = Release|Any CPU
		{7EE35779-82F3-4A03-A53C-3E8F55CCF1C6}.Release|iPhone.ActiveCfg = Release|Any CPU
		{7EE35779-82F3-4A03-A53C-3E8F55CCF1C6}.Release|iPhone.Build.0 = Release|Any CPU
		{7EE35779-82F3-4A03-A53C-3E8F55CCF1C6}.Release|iPhone.Deploy.0 = Release|Any CPU
		{7EE35779-82F3-4A03-A53C-3E8F55CCF1C6}.Release|iPhoneSimulator.ActiveCfg = Release|Any CPU
		{7EE35779-82F3-4A03-A53C-3E8F55CCF1C6}.Release|iPhoneSimulator.Build.0 = Release|Any CPU
		{7EE35779-82F3-4A03-A53C-3E8F55CCF1C6}.Release|iPhoneSimulator.Deploy.0 = Release|Any CPU
		{7EE35779-82F3-4A03-A53C-3E8F55CCF1C6}.Release|x64.ActiveCfg = Release|Any CPU
		{7EE35779-82F3-4A03-A53C-3E8F55CCF1C6}.Release|x64.Build.0 = Release|Any CPU
		{7EE35779-82F3-4A03-A53C-3E8F55CCF1C6}.Release|x64.Deploy.0 = Release|Any CPU
		{7EE35779-82F3-4A03-A53C-3E8F55CCF1C6}.Release|x86.ActiveCfg = Release|Any CPU
		{7EE35779-82F3-4A03-A53C-3E8F55CCF1C6}.Release|x86.Build.0 = Release|Any CPU
		{7EE35779-82F3-4A03-A53C-3E8F55CCF1C6}.Release|x86.Deploy.0 = Release|Any CPU
	EndGlobalSection
	GlobalSection(SolutionProperties) = preSolution
		HideSolutionNode = FALSE
	EndGlobalSection
	GlobalSection(ExtensibilityGlobals) = postSolution
		SolutionGuid = {50A91F92-F420-4C0E-9A56-1918267EDB89}
	EndGlobalSection
EndGlobal
