
Microsoft Visual Studio Solution File, Format Version 12.00
# Visual Studio Version 16
VisualStudioVersion = 16.0.31205.134
MinimumVisualStudioVersion = 10.0.40219.1
Project("{FAE04EC0-301F-11D3-BF4B-00C04F79EFBC}") = "NseFtpFileFetchApp", "NseFtpFileFetchApp.csproj", "{449B25E8-7E82-4992-845A-511F47095944}"
EndProject
Global
	GlobalSection(SolutionConfigurationPlatforms) = preSolution
		Debug|Any CPU = Debug|Any CPU
		Release|Any CPU = Release|Any CPU
	EndGlobalSection
	GlobalSection(ProjectConfigurationPlatforms) = postSolution
		{449B25E8-7E82-4992-845A-511F47095944}.Debug|Any CPU.ActiveCfg = Debug|Any CPU
		{449B25E8-7E82-4992-845A-511F47095944}.Debug|Any CPU.Build.0 = Debug|Any CPU
		{449B25E8-7E82-4992-845A-511F47095944}.Release|Any CPU.ActiveCfg = Release|Any CPU
		{449B25E8-7E82-4992-845A-511F47095944}.Release|Any CPU.Build.0 = Release|Any CPU
	EndGlobalSection
	GlobalSection(SolutionProperties) = preSolution
		HideSolutionNode = FALSE
	EndGlobalSection
	GlobalSection(ExtensibilityGlobals) = postSolution
		SolutionGuid = {303E7214-8081-43E0-8937-90BBC94F7FE1}
	EndGlobalSection
EndGlobal
