
Microsoft Visual Studio Solution File, Format Version 12.00
# Visual Studio Version 17
VisualStudioVersion = 17.0.32126.317
MinimumVisualStudioVersion = 10.0.40219.1
Project("{FAE04EC0-301F-11D3-BF4B-00C04F79EFBC}") = "CreateExcel", "CreateExcel.csproj", "{898B5935-20EF-49CF-B63D-BD3BD4A6F4DB}"
EndProject
Global
	GlobalSection(SolutionConfigurationPlatforms) = preSolution
		Debug|Any CPU = Debug|Any CPU
		Release|Any CPU = Release|Any CPU
	EndGlobalSection
	GlobalSection(ProjectConfigurationPlatforms) = postSolution
		{898B5935-20EF-49CF-B63D-BD3BD4A6F4DB}.Debug|Any CPU.ActiveCfg = Debug|Any CPU
		{898B5935-20EF-49CF-B63D-BD3BD4A6F4DB}.Debug|Any CPU.Build.0 = Debug|Any CPU
		{898B5935-20EF-49CF-B63D-BD3BD4A6F4DB}.Release|Any CPU.ActiveCfg = Release|Any CPU
		{898B5935-20EF-49CF-B63D-BD3BD4A6F4DB}.Release|Any CPU.Build.0 = Release|Any CPU
	EndGlobalSection
	GlobalSection(SolutionProperties) = preSolution
		HideSolutionNode = FALSE
	EndGlobalSection
	GlobalSection(ExtensibilityGlobals) = postSolution
		SolutionGuid = {BE7FEEB9-6C7E-4A65-9B9B-D367C96D9878}
	EndGlobalSection
EndGlobal
