
Microsoft Visual Studio Solution File, Format Version 12.00
# Visual Studio 2012
Project("{FAE04EC0-301F-11D3-BF4B-00C04F79EFBC}") = "CrudOperations", "CrudOperations\CrudOperations.csproj", "{C12062C8-8177-45DA-8D5D-AA697AC2F886}"
EndProject
Project("{FAE04EC0-301F-11D3-BF4B-00C04F79EFBC}") = "CrudOperations.Tests", "CrudOperations.Tests\CrudOperations.Tests.csproj", "{8ED5BE71-BEE8-4A23-BD1E-E918F39F0EF0}"
EndProject
Global
	GlobalSection(SolutionConfigurationPlatforms) = preSolution
		Debug|Any CPU = Debug|Any CPU
		Release|Any CPU = Release|Any CPU
	EndGlobalSection
	GlobalSection(ProjectConfigurationPlatforms) = postSolution
		{C12062C8-8177-45DA-8D5D-AA697AC2F886}.Debug|Any CPU.ActiveCfg = Debug|Any CPU
		{C12062C8-8177-45DA-8D5D-AA697AC2F886}.Debug|Any CPU.Build.0 = Debug|Any CPU
		{C12062C8-8177-45DA-8D5D-AA697AC2F886}.Release|Any CPU.ActiveCfg = Release|Any CPU
		{C12062C8-8177-45DA-8D5D-AA697AC2F886}.Release|Any CPU.Build.0 = Release|Any CPU
		{8ED5BE71-BEE8-4A23-BD1E-E918F39F0EF0}.Debug|Any CPU.ActiveCfg = Debug|Any CPU
		{8ED5BE71-BEE8-4A23-BD1E-E918F39F0EF0}.Debug|Any CPU.Build.0 = Debug|Any CPU
		{8ED5BE71-BEE8-4A23-BD1E-E918F39F0EF0}.Release|Any CPU.ActiveCfg = Release|Any CPU
		{8ED5BE71-BEE8-4A23-BD1E-E918F39F0EF0}.Release|Any CPU.Build.0 = Release|Any CPU
	EndGlobalSection
	GlobalSection(SolutionProperties) = preSolution
		HideSolutionNode = FALSE
	EndGlobalSection
EndGlobal
