
Microsoft Visual Studio Solution File, Format Version 12.00
# Visual Studio Version 17
VisualStudioVersion = 17.3.32929.385
MinimumVisualStudioVersion = 10.0.40219.1
Project("{FAE04EC0-301F-11D3-BF4B-00C04F79EFBC}") = "TodoApi", "TodoApi.csproj", "{73EA9FE0-6E88-4A15-A93C-09181630CC11}"
EndProject
Global
	GlobalSection(SolutionConfigurationPlatforms) = preSolution
		Debug|Any CPU = Debug|Any CPU
		Release|Any CPU = Release|Any CPU
	EndGlobalSection
	GlobalSection(ProjectConfigurationPlatforms) = postSolution
		{73EA9FE0-6E88-4A15-A93C-09181630CC11}.Debug|Any CPU.ActiveCfg = Debug|Any CPU
		{73EA9FE0-6E88-4A15-A93C-09181630CC11}.Debug|Any CPU.Build.0 = Debug|Any CPU
		{73EA9FE0-6E88-4A15-A93C-09181630CC11}.Release|Any CPU.ActiveCfg = Release|Any CPU
		{73EA9FE0-6E88-4A15-A93C-09181630CC11}.Release|Any CPU.Build.0 = Release|Any CPU
	EndGlobalSection
	GlobalSection(SolutionProperties) = preSolution
		HideSolutionNode = FALSE
	EndGlobalSection
	GlobalSection(ExtensibilityGlobals) = postSolution
		SolutionGuid = {D75F8137-9FB1-4017-A79C-62D8316DA21B}
	EndGlobalSection
EndGlobal
