
Microsoft Visual Studio Solution File, Format Version 12.00
# Visual Studio Version 16
VisualStudioVersion = 16.0.31729.503
MinimumVisualStudioVersion = 10.0.40219.1
Project("{FAE04EC0-301F-11D3-BF4B-00C04F79EFBC}") = "StringSplit", "StringSplit.csproj", "{6226EB93-C1BA-48E7-A37A-466D4BB8D8D6}"
EndProject
Global
	GlobalSection(SolutionConfigurationPlatforms) = preSolution
		Debug|Any CPU = Debug|Any CPU
		Release|Any CPU = Release|Any CPU
	EndGlobalSection
	GlobalSection(ProjectConfigurationPlatforms) = postSolution
		{6226EB93-C1BA-48E7-A37A-466D4BB8D8D6}.Debug|Any CPU.ActiveCfg = Debug|Any CPU
		{6226EB93-C1BA-48E7-A37A-466D4BB8D8D6}.Debug|Any CPU.Build.0 = Debug|Any CPU
		{6226EB93-C1BA-48E7-A37A-466D4BB8D8D6}.Release|Any CPU.ActiveCfg = Release|Any CPU
		{6226EB93-C1BA-48E7-A37A-466D4BB8D8D6}.Release|Any CPU.Build.0 = Release|Any CPU
	EndGlobalSection
	GlobalSection(SolutionProperties) = preSolution
		HideSolutionNode = FALSE
	EndGlobalSection
	GlobalSection(ExtensibilityGlobals) = postSolution
		SolutionGuid = {5EB700C4-573F-4A9E-9D89-2680F06D312D}
	EndGlobalSection
EndGlobal
