
Microsoft Visual Studio Solution File, Format Version 12.00
# Visual Studio Version 17
VisualStudioVersion = 17.11.35208.52
MinimumVisualStudioVersion = 10.0.40219.1
Project("{FAE04EC0-301F-11D3-BF4B-00C04F79EFBC}") = "SampleDATA", "SampleDATA.csproj", "{48D1B1C3-7F3F-4680-969E-BBC9D9BE36EA}"
EndProject
Global
	GlobalSection(SolutionConfigurationPlatforms) = preSolution
		Debug|Any CPU = Debug|Any CPU
		Release|Any CPU = Release|Any CPU
	EndGlobalSection
	GlobalSection(ProjectConfigurationPlatforms) = postSolution
		{48D1B1C3-7F3F-4680-969E-BBC9D9BE36EA}.Debug|Any CPU.ActiveCfg = Debug|Any CPU
		{48D1B1C3-7F3F-4680-969E-BBC9D9BE36EA}.Debug|Any CPU.Build.0 = Debug|Any CPU
		{48D1B1C3-7F3F-4680-969E-BBC9D9BE36EA}.Release|Any CPU.ActiveCfg = Release|Any CPU
		{48D1B1C3-7F3F-4680-969E-BBC9D9BE36EA}.Release|Any CPU.Build.0 = Release|Any CPU
	EndGlobalSection
	GlobalSection(SolutionProperties) = preSolution
		HideSolutionNode = FALSE
	EndGlobalSection
	GlobalSection(ExtensibilityGlobals) = postSolution
		SolutionGuid = {1FEEEF62-031C-4779-84A5-79C379815CBD}
	EndGlobalSection
EndGlobal
