
Microsoft Visual Studio Solution File, Format Version 12.00
# Visual Studio Version 17
VisualStudioVersion = 17.0.32126.317
MinimumVisualStudioVersion = 10.0.40219.1
Project("{D954291E-2A0B-460D-934E-DC6B0785DB48}") = "UnoApp1.Shared", "UnoApp1.Shared\UnoApp1.Shared.shproj", "{6279C845-92F8-4333-AB99-3D213163593C}"
EndProject
Project("{2150E333-8FDC-42A3-9474-1A3956D46DE8}") = "Platforms", "Platforms", "{4667D41F-3585-4F5C-BCD2-85149E4798E7}"
EndProject
Project("{FAE04EC0-301F-11D3-BF4B-00C04F79EFBC}") = "UnoApp1.Mobile", "UnoApp1.Mobile\UnoApp1.Mobile.csproj", "{AE1D5EDB-8B10-425B-9F2D-489CCCD33CBA}"
EndProject
Project("{FAE04EC0-301F-11D3-BF4B-00C04F79EFBC}") = "UnoApp1.UWP", "UnoApp1.UWP\UnoApp1.UWP.csproj", "{6A684D9C-4DC6-46D0-A8AF-FB668BF5540F}"
EndProject
Project("{FAE04EC0-301F-11D3-BF4B-00C04F79EFBC}") = "UnoApp1.Wasm", "UnoApp1.Wasm\UnoApp1.Wasm.csproj", "{85FC9203-273F-4FA6-9C5B-51194E7C67CA}"
EndProject
Project("{FAE04EC0-301F-11D3-BF4B-00C04F79EFBC}") = "UnoApp1.Skia.Wpf.Host", "UnoApp1.Skia.Wpf.Host\UnoApp1.Skia.Wpf.Host.csproj", "{E51C024D-7018-4A35-B98D-B4F65FBDFCD0}"
EndProject
Project("{FAE04EC0-301F-11D3-BF4B-00C04F79EFBC}") = "UnoApp1.Skia.Wpf", "UnoApp1.Skia.Wpf\UnoApp1.Skia.Wpf.csproj", "{D7F22A93-D672-47FA-8DA4-8117D033BDDF}"
EndProject
Project("{FAE04EC0-301F-11D3-BF4B-00C04F79EFBC}") = "UnoApp1.Skia.Gtk", "UnoApp1.Skia.Gtk\UnoApp1.Skia.Gtk.csproj", "{DA05ED5A-2C95-401A-9DD7-98EBDFA4A596}"
EndProject
Global
	GlobalSection(SharedMSBuildProjectFiles) = preSolution
		UnoApp1.Shared\UnoApp1.Shared.projitems*{6279c845-92f8-4333-ab99-3d213163593c}*SharedItemsImports = 13
		UnoApp1.Shared\UnoApp1.Shared.projitems*{6a684d9c-4dc6-46d0-a8af-fb668bf5540f}*SharedItemsImports = 4
		UnoApp1.Shared\UnoApp1.Shared.projitems*{85fc9203-273f-4fa6-9c5b-51194e7c67ca}*SharedItemsImports = 5
		UnoApp1.Shared\UnoApp1.Shared.projitems*{ae1d5edb-8b10-425b-9f2d-489cccd33cba}*SharedItemsImports = 5
		UnoApp1.Shared\UnoApp1.Shared.projitems*{d7f22a93-d672-47fa-8da4-8117d033bddf}*SharedItemsImports = 5
		UnoApp1.Shared\UnoApp1.Shared.projitems*{da05ed5a-2c95-401a-9dd7-98ebdfa4a596}*SharedItemsImports = 5
	EndGlobalSection
	GlobalSection(SolutionConfigurationPlatforms) = preSolution
		Debug|Any CPU = Debug|Any CPU
		Debug|ARM = Debug|ARM
		Debug|ARM64 = Debug|ARM64
		Debug|x64 = Debug|x64
		Debug|x86 = Debug|x86
		Release|Any CPU = Release|Any CPU
		Release|ARM = Release|ARM
		Release|ARM64 = Release|ARM64
		Release|x64 = Release|x64
		Release|x86 = Release|x86
	EndGlobalSection
	GlobalSection(ProjectConfigurationPlatforms) = postSolution
		{AE1D5EDB-8B10-425B-9F2D-489CCCD33CBA}.Debug|Any CPU.ActiveCfg = Debug|Any CPU
		{AE1D5EDB-8B10-425B-9F2D-489CCCD33CBA}.Debug|Any CPU.Build.0 = Debug|Any CPU
		{AE1D5EDB-8B10-425B-9F2D-489CCCD33CBA}.Debug|ARM.ActiveCfg = Debug|Any CPU
		{AE1D5EDB-8B10-425B-9F2D-489CCCD33CBA}.Debug|ARM.Build.0 = Debug|Any CPU
		{AE1D5EDB-8B10-425B-9F2D-489CCCD33CBA}.Debug|ARM64.ActiveCfg = Debug|Any CPU
		{AE1D5EDB-8B10-425B-9F2D-489CCCD33CBA}.Debug|ARM64.Build.0 = Debug|Any CPU
		{AE1D5EDB-8B10-425B-9F2D-489CCCD33CBA}.Debug|x64.ActiveCfg = Debug|Any CPU
		{AE1D5EDB-8B10-425B-9F2D-489CCCD33CBA}.Debug|x64.Build.0 = Debug|Any CPU
		{AE1D5EDB-8B10-425B-9F2D-489CCCD33CBA}.Debug|x86.ActiveCfg = Debug|Any CPU
		{AE1D5EDB-8B10-425B-9F2D-489CCCD33CBA}.Debug|x86.Build.0 = Debug|Any CPU
		{AE1D5EDB-8B10-425B-9F2D-489CCCD33CBA}.Release|Any CPU.ActiveCfg = Release|Any CPU
		{AE1D5EDB-8B10-425B-9F2D-489CCCD33CBA}.Release|Any CPU.Build.0 = Release|Any CPU
		{AE1D5EDB-8B10-425B-9F2D-489CCCD33CBA}.Release|ARM.ActiveCfg = Release|Any CPU
		{AE1D5EDB-8B10-425B-9F2D-489CCCD33CBA}.Release|ARM.Build.0 = Release|Any CPU
		{AE1D5EDB-8B10-425B-9F2D-489CCCD33CBA}.Release|ARM64.ActiveCfg = Release|Any CPU
		{AE1D5EDB-8B10-425B-9F2D-489CCCD33CBA}.Release|ARM64.Build.0 = Release|Any CPU
		{AE1D5EDB-8B10-425B-9F2D-489CCCD33CBA}.Release|x64.ActiveCfg = Release|Any CPU
		{AE1D5EDB-8B10-425B-9F2D-489CCCD33CBA}.Release|x64.Build.0 = Release|Any CPU
		{AE1D5EDB-8B10-425B-9F2D-489CCCD33CBA}.Release|x86.ActiveCfg = Release|Any CPU
		{AE1D5EDB-8B10-425B-9F2D-489CCCD33CBA}.Release|x86.Build.0 = Release|Any CPU
		{6A684D9C-4DC6-46D0-A8AF-FB668BF5540F}.Debug|Any CPU.ActiveCfg = Debug|x64
		{6A684D9C-4DC6-46D0-A8AF-FB668BF5540F}.Debug|Any CPU.Build.0 = Debug|x64
		{6A684D9C-4DC6-46D0-A8AF-FB668BF5540F}.Debug|Any CPU.Deploy.0 = Debug|x64
		{6A684D9C-4DC6-46D0-A8AF-FB668BF5540F}.Debug|ARM.ActiveCfg = Debug|ARM
		{6A684D9C-4DC6-46D0-A8AF-FB668BF5540F}.Debug|ARM.Build.0 = Debug|ARM
		{6A684D9C-4DC6-46D0-A8AF-FB668BF5540F}.Debug|ARM.Deploy.0 = Debug|ARM
		{6A684D9C-4DC6-46D0-A8AF-FB668BF5540F}.Debug|ARM64.ActiveCfg = Debug|ARM64
		{6A684D9C-4DC6-46D0-A8AF-FB668BF5540F}.Debug|ARM64.Build.0 = Debug|ARM64
		{6A684D9C-4DC6-46D0-A8AF-FB668BF5540F}.Debug|ARM64.Deploy.0 = Debug|ARM64
		{6A684D9C-4DC6-46D0-A8AF-FB668BF5540F}.Debug|x64.ActiveCfg = Debug|x64
		{6A684D9C-4DC6-46D0-A8AF-FB668BF5540F}.Debug|x64.Build.0 = Debug|x64
		{6A684D9C-4DC6-46D0-A8AF-FB668BF5540F}.Debug|x64.Deploy.0 = Debug|x64
		{6A684D9C-4DC6-46D0-A8AF-FB668BF5540F}.Debug|x86.ActiveCfg = Debug|x86
		{6A684D9C-4DC6-46D0-A8AF-FB668BF5540F}.Debug|x86.Build.0 = Debug|x86
		{6A684D9C-4DC6-46D0-A8AF-FB668BF5540F}.Debug|x86.Deploy.0 = Debug|x86
		{6A684D9C-4DC6-46D0-A8AF-FB668BF5540F}.Release|Any CPU.ActiveCfg = Release|x64
		{6A684D9C-4DC6-46D0-A8AF-FB668BF5540F}.Release|Any CPU.Build.0 = Release|x64
		{6A684D9C-4DC6-46D0-A8AF-FB668BF5540F}.Release|Any CPU.Deploy.0 = Release|x64
		{6A684D9C-4DC6-46D0-A8AF-FB668BF5540F}.Release|ARM.ActiveCfg = Release|ARM
		{6A684D9C-4DC6-46D0-A8AF-FB668BF5540F}.Release|ARM.Build.0 = Release|ARM
		{6A684D9C-4DC6-46D0-A8AF-FB668BF5540F}.Release|ARM.Deploy.0 = Release|ARM
		{6A684D9C-4DC6-46D0-A8AF-FB668BF5540F}.Release|ARM64.ActiveCfg = Release|ARM64
		{6A684D9C-4DC6-46D0-A8AF-FB668BF5540F}.Release|ARM64.Build.0 = Release|ARM64
		{6A684D9C-4DC6-46D0-A8AF-FB668BF5540F}.Release|ARM64.Deploy.0 = Release|ARM64
		{6A684D9C-4DC6-46D0-A8AF-FB668BF5540F}.Release|x64.ActiveCfg = Release|x64
		{6A684D9C-4DC6-46D0-A8AF-FB668BF5540F}.Release|x64.Build.0 = Release|x64
		{6A684D9C-4DC6-46D0-A8AF-FB668BF5540F}.Release|x64.Deploy.0 = Release|x64
		{6A684D9C-4DC6-46D0-A8AF-FB668BF5540F}.Release|x86.ActiveCfg = Release|x86
		{6A684D9C-4DC6-46D0-A8AF-FB668BF5540F}.Release|x86.Build.0 = Release|x86
		{6A684D9C-4DC6-46D0-A8AF-FB668BF5540F}.Release|x86.Deploy.0 = Release|x86
		{85FC9203-273F-4FA6-9C5B-51194E7C67CA}.Debug|Any CPU.ActiveCfg = Debug|Any CPU
		{85FC9203-273F-4FA6-9C5B-51194E7C67CA}.Debug|Any CPU.Build.0 = Debug|Any CPU
		{85FC9203-273F-4FA6-9C5B-51194E7C67CA}.Debug|ARM.ActiveCfg = Debug|Any CPU
		{85FC9203-273F-4FA6-9C5B-51194E7C67CA}.Debug|ARM.Build.0 = Debug|Any CPU
		{85FC9203-273F-4FA6-9C5B-51194E7C67CA}.Debug|ARM64.ActiveCfg = Debug|Any CPU
		{85FC9203-273F-4FA6-9C5B-51194E7C67CA}.Debug|ARM64.Build.0 = Debug|Any CPU
		{85FC9203-273F-4FA6-9C5B-51194E7C67CA}.Debug|x64.ActiveCfg = Debug|Any CPU
		{85FC9203-273F-4FA6-9C5B-51194E7C67CA}.Debug|x64.Build.0 = Debug|Any CPU
		{85FC9203-273F-4FA6-9C5B-51194E7C67CA}.Debug|x86.ActiveCfg = Debug|Any CPU
		{85FC9203-273F-4FA6-9C5B-51194E7C67CA}.Debug|x86.Build.0 = Debug|Any CPU
		{85FC9203-273F-4FA6-9C5B-51194E7C67CA}.Release|Any CPU.ActiveCfg = Release|Any CPU
		{85FC9203-273F-4FA6-9C5B-51194E7C67CA}.Release|Any CPU.Build.0 = Release|Any CPU
		{85FC9203-273F-4FA6-9C5B-51194E7C67CA}.Release|ARM.ActiveCfg = Release|Any CPU
		{85FC9203-273F-4FA6-9C5B-51194E7C67CA}.Release|ARM.Build.0 = Release|Any CPU
		{85FC9203-273F-4FA6-9C5B-51194E7C67CA}.Release|ARM64.ActiveCfg = Release|Any CPU
		{85FC9203-273F-4FA6-9C5B-51194E7C67CA}.Release|ARM64.Build.0 = Release|Any CPU
		{85FC9203-273F-4FA6-9C5B-51194E7C67CA}.Release|x64.ActiveCfg = Release|Any CPU
		{85FC9203-273F-4FA6-9C5B-51194E7C67CA}.Release|x64.Build.0 = Release|Any CPU
		{85FC9203-273F-4FA6-9C5B-51194E7C67CA}.Release|x86.ActiveCfg = Release|Any CPU
		{85FC9203-273F-4FA6-9C5B-51194E7C67CA}.Release|x86.Build.0 = Release|Any CPU
		{E51C024D-7018-4A35-B98D-B4F65FBDFCD0}.Debug|Any CPU.ActiveCfg = Debug|Any CPU
		{E51C024D-7018-4A35-B98D-B4F65FBDFCD0}.Debug|Any CPU.Build.0 = Debug|Any CPU
		{E51C024D-7018-4A35-B98D-B4F65FBDFCD0}.Debug|ARM.ActiveCfg = Debug|Any CPU
		{E51C024D-7018-4A35-B98D-B4F65FBDFCD0}.Debug|ARM.Build.0 = Debug|Any CPU
		{E51C024D-7018-4A35-B98D-B4F65FBDFCD0}.Debug|ARM64.ActiveCfg = Debug|Any CPU
		{E51C024D-7018-4A35-B98D-B4F65FBDFCD0}.Debug|ARM64.Build.0 = Debug|Any CPU
		{E51C024D-7018-4A35-B98D-B4F65FBDFCD0}.Debug|x64.ActiveCfg = Debug|Any CPU
		{E51C024D-7018-4A35-B98D-B4F65FBDFCD0}.Debug|x64.Build.0 = Debug|Any CPU
		{E51C024D-7018-4A35-B98D-B4F65FBDFCD0}.Debug|x86.ActiveCfg = Debug|Any CPU
		{E51C024D-7018-4A35-B98D-B4F65FBDFCD0}.Debug|x86.Build.0 = Debug|Any CPU
		{E51C024D-7018-4A35-B98D-B4F65FBDFCD0}.Release|Any CPU.ActiveCfg = Release|Any CPU
		{E51C024D-7018-4A35-B98D-B4F65FBDFCD0}.Release|Any CPU.Build.0 = Release|Any CPU
		{E51C024D-7018-4A35-B98D-B4F65FBDFCD0}.Release|ARM.ActiveCfg = Release|Any CPU
		{E51C024D-7018-4A35-B98D-B4F65FBDFCD0}.Release|ARM.Build.0 = Release|Any CPU
		{E51C024D-7018-4A35-B98D-B4F65FBDFCD0}.Release|ARM64.ActiveCfg = Release|Any CPU
		{E51C024D-7018-4A35-B98D-B4F65FBDFCD0}.Release|ARM64.Build.0 = Release|Any CPU
		{E51C024D-7018-4A35-B98D-B4F65FBDFCD0}.Release|x64.ActiveCfg = Release|Any CPU
		{E51C024D-7018-4A35-B98D-B4F65FBDFCD0}.Release|x64.Build.0 = Release|Any CPU
		{E51C024D-7018-4A35-B98D-B4F65FBDFCD0}.Release|x86.ActiveCfg = Release|Any CPU
		{E51C024D-7018-4A35-B98D-B4F65FBDFCD0}.Release|x86.Build.0 = Release|Any CPU
		{D7F22A93-D672-47FA-8DA4-8117D033BDDF}.Debug|Any CPU.ActiveCfg = Debug|Any CPU
		{D7F22A93-D672-47FA-8DA4-8117D033BDDF}.Debug|Any CPU.Build.0 = Debug|Any CPU
		{D7F22A93-D672-47FA-8DA4-8117D033BDDF}.Debug|ARM.ActiveCfg = Debug|Any CPU
		{D7F22A93-D672-47FA-8DA4-8117D033BDDF}.Debug|ARM.Build.0 = Debug|Any CPU
		{D7F22A93-D672-47FA-8DA4-8117D033BDDF}.Debug|ARM64.ActiveCfg = Debug|Any CPU
		{D7F22A93-D672-47FA-8DA4-8117D033BDDF}.Debug|ARM64.Build.0 = Debug|Any CPU
		{D7F22A93-D672-47FA-8DA4-8117D033BDDF}.Debug|x64.ActiveCfg = Debug|Any CPU
		{D7F22A93-D672-47FA-8DA4-8117D033BDDF}.Debug|x64.Build.0 = Debug|Any CPU
		{D7F22A93-D672-47FA-8DA4-8117D033BDDF}.Debug|x86.ActiveCfg = Debug|Any CPU
		{D7F22A93-D672-47FA-8DA4-8117D033BDDF}.Debug|x86.Build.0 = Debug|Any CPU
		{D7F22A93-D672-47FA-8DA4-8117D033BDDF}.Release|Any CPU.ActiveCfg = Release|Any CPU
		{D7F22A93-D672-47FA-8DA4-8117D033BDDF}.Release|Any CPU.Build.0 = Release|Any CPU
		{D7F22A93-D672-47FA-8DA4-8117D033BDDF}.Release|ARM.ActiveCfg = Release|Any CPU
		{D7F22A93-D672-47FA-8DA4-8117D033BDDF}.Release|ARM.Build.0 = Release|Any CPU
		{D7F22A93-D672-47FA-8DA4-8117D033BDDF}.Release|ARM64.ActiveCfg = Release|Any CPU
		{D7F22A93-D672-47FA-8DA4-8117D033BDDF}.Release|ARM64.Build.0 = Release|Any CPU
		{D7F22A93-D672-47FA-8DA4-8117D033BDDF}.Release|x64.ActiveCfg = Release|Any CPU
		{D7F22A93-D672-47FA-8DA4-8117D033BDDF}.Release|x64.Build.0 = Release|Any CPU
		{D7F22A93-D672-47FA-8DA4-8117D033BDDF}.Release|x86.ActiveCfg = Release|Any CPU
		{D7F22A93-D672-47FA-8DA4-8117D033BDDF}.Release|x86.Build.0 = Release|Any CPU
		{DA05ED5A-2C95-401A-9DD7-98EBDFA4A596}.Debug|Any CPU.ActiveCfg = Debug|Any CPU
		{DA05ED5A-2C95-401A-9DD7-98EBDFA4A596}.Debug|Any CPU.Build.0 = Debug|Any CPU
		{DA05ED5A-2C95-401A-9DD7-98EBDFA4A596}.Debug|ARM.ActiveCfg = Debug|Any CPU
		{DA05ED5A-2C95-401A-9DD7-98EBDFA4A596}.Debug|ARM.Build.0 = Debug|Any CPU
		{DA05ED5A-2C95-401A-9DD7-98EBDFA4A596}.Debug|ARM64.ActiveCfg = Debug|Any CPU
		{DA05ED5A-2C95-401A-9DD7-98EBDFA4A596}.Debug|ARM64.Build.0 = Debug|Any CPU
		{DA05ED5A-2C95-401A-9DD7-98EBDFA4A596}.Debug|x64.ActiveCfg = Debug|Any CPU
		{DA05ED5A-2C95-401A-9DD7-98EBDFA4A596}.Debug|x64.Build.0 = Debug|Any CPU
		{DA05ED5A-2C95-401A-9DD7-98EBDFA4A596}.Debug|x86.ActiveCfg = Debug|Any CPU
		{DA05ED5A-2C95-401A-9DD7-98EBDFA4A596}.Debug|x86.Build.0 = Debug|Any CPU
		{DA05ED5A-2C95-401A-9DD7-98EBDFA4A596}.Release|Any CPU.ActiveCfg = Release|Any CPU
		{DA05ED5A-2C95-401A-9DD7-98EBDFA4A596}.Release|Any CPU.Build.0 = Release|Any CPU
		{DA05ED5A-2C95-401A-9DD7-98EBDFA4A596}.Release|ARM.ActiveCfg = Release|Any CPU
		{DA05ED5A-2C95-401A-9DD7-98EBDFA4A596}.Release|ARM.Build.0 = Release|Any CPU
		{DA05ED5A-2C95-401A-9DD7-98EBDFA4A596}.Release|ARM64.ActiveCfg = Release|Any CPU
		{DA05ED5A-2C95-401A-9DD7-98EBDFA4A596}.Release|ARM64.Build.0 = Release|Any CPU
		{DA05ED5A-2C95-401A-9DD7-98EBDFA4A596}.Release|x64.ActiveCfg = Release|Any CPU
		{DA05ED5A-2C95-401A-9DD7-98EBDFA4A596}.Release|x64.Build.0 = Release|Any CPU
		{DA05ED5A-2C95-401A-9DD7-98EBDFA4A596}.Release|x86.ActiveCfg = Release|Any CPU
		{DA05ED5A-2C95-401A-9DD7-98EBDFA4A596}.Release|x86.Build.0 = Release|Any CPU
	EndGlobalSection
	GlobalSection(SolutionProperties) = preSolution
		HideSolutionNode = FALSE
	EndGlobalSection
	GlobalSection(NestedProjects) = preSolution
		{AE1D5EDB-8B10-425B-9F2D-489CCCD33CBA} = {4667D41F-3585-4F5C-BCD2-85149E4798E7}
		{6A684D9C-4DC6-46D0-A8AF-FB668BF5540F} = {4667D41F-3585-4F5C-BCD2-85149E4798E7}
		{85FC9203-273F-4FA6-9C5B-51194E7C67CA} = {4667D41F-3585-4F5C-BCD2-85149E4798E7}
		{E51C024D-7018-4A35-B98D-B4F65FBDFCD0} = {4667D41F-3585-4F5C-BCD2-85149E4798E7}
		{D7F22A93-D672-47FA-8DA4-8117D033BDDF} = {4667D41F-3585-4F5C-BCD2-85149E4798E7}
		{DA05ED5A-2C95-401A-9DD7-98EBDFA4A596} = {4667D41F-3585-4F5C-BCD2-85149E4798E7}
	EndGlobalSection
	GlobalSection(ExtensibilityGlobals) = postSolution
		SolutionGuid = {7C0DC516-930D-4F3A-B680-3E95B92AC01E}
	EndGlobalSection
EndGlobal
