
Microsoft Visual Studio Solution File, Format Version 12.00
# Visual Studio Version 17
VisualStudioVersion = 17.1.32414.318
MinimumVisualStudioVersion = 10.0.40219.1
Project("{9A19103F-16F7-4668-BE54-9A1E7A4F7556}") = "TypingTool", "TypingTool.csproj", "{54D4242A-7585-4DA8-8750-EB902A5092FF}"
EndProject
Global
	GlobalSection(SolutionConfigurationPlatforms) = preSolution
		Debug|Any CPU = Debug|Any CPU
		Debug|x64 = Debug|x64
		Release|Any CPU = Release|Any CPU
		Release|x64 = Release|x64
	EndGlobalSection
	GlobalSection(ProjectConfigurationPlatforms) = postSolution
		{54D4242A-7585-4DA8-8750-EB902A5092FF}.Debug|Any CPU.ActiveCfg = Debug|Any CPU
		{54D4242A-7585-4DA8-8750-EB902A5092FF}.Debug|Any CPU.Build.0 = Debug|Any CPU
		{54D4242A-7585-4DA8-8750-EB902A5092FF}.Debug|x64.ActiveCfg = Debug|x64
		{54D4242A-7585-4DA8-8750-EB902A5092FF}.Debug|x64.Build.0 = Debug|x64
		{54D4242A-7585-4DA8-8750-EB902A5092FF}.Release|Any CPU.ActiveCfg = Release|Any CPU
		{54D4242A-7585-4DA8-8750-EB902A5092FF}.Release|Any CPU.Build.0 = Release|Any CPU
		{54D4242A-7585-4DA8-8750-EB902A5092FF}.Release|x64.ActiveCfg = Release|x64
		{54D4242A-7585-4DA8-8750-EB902A5092FF}.Release|x64.Build.0 = Release|x64
	EndGlobalSection
	GlobalSection(SolutionProperties) = preSolution
		HideSolutionNode = FALSE
	EndGlobalSection
	GlobalSection(ExtensibilityGlobals) = postSolution
		SolutionGuid = {895747F4-CF8A-4D85-9B2D-7CD205B3CA63}
	EndGlobalSection
EndGlobal
