
Microsoft Visual Studio Solution File, Format Version 12.00
# Visual Studio Version 17
VisualStudioVersion = 17.0.32014.148
MinimumVisualStudioVersion = 10.0.40219.1
Project("{FAE04EC0-301F-11D3-BF4B-00C04F79EFBC}") = "TradeCheck", "TradeCheck.csproj", "{062C7165-5406-4ED9-AC2F-0D957D659BEA}"
EndProject
Global
	GlobalSection(SolutionConfigurationPlatforms) = preSolution
		Debug|Any CPU = Debug|Any CPU
		Release|Any CPU = Release|Any CPU
	EndGlobalSection
	GlobalSection(ProjectConfigurationPlatforms) = postSolution
		{062C7165-5406-4ED9-AC2F-0D957D659BEA}.Debug|Any CPU.ActiveCfg = Debug|Any CPU
		{062C7165-5406-4ED9-AC2F-0D957D659BEA}.Debug|Any CPU.Build.0 = Debug|Any CPU
		{062C7165-5406-4ED9-AC2F-0D957D659BEA}.Release|Any CPU.ActiveCfg = Release|Any CPU
		{062C7165-5406-4ED9-AC2F-0D957D659BEA}.Release|Any CPU.Build.0 = Release|Any CPU
	EndGlobalSection
	GlobalSection(SolutionProperties) = preSolution
		HideSolutionNode = FALSE
	EndGlobalSection
	GlobalSection(ExtensibilityGlobals) = postSolution
		SolutionGuid = {29BD334A-6A45-4853-91FF-8535DDF6A2DC}
	EndGlobalSection
EndGlobal
