
Microsoft Visual Studio Solution File, Format Version 12.00
# Visual Studio Version 17
VisualStudioVersion = 17.1.32210.238
MinimumVisualStudioVersion = 10.0.40219.1
Project("{FAE04EC0-301F-11D3-BF4B-00C04F79EFBC}") = "App2.UWP", "App2.UWP\App2.UWP.csproj", "{09E113EA-7B59-40E4-9CD1-970C80BED1CA}"
EndProject
Project("{FAE04EC0-301F-11D3-BF4B-00C04F79EFBC}") = "App2.Android", "App2.Android\App2.Android.csproj", "{6B1BEC13-FB5A-441F-B6A1-4AB5C7FB03CD}"
EndProject
Project("{FAE04EC0-301F-11D3-BF4B-00C04F79EFBC}") = "App2.iOS", "App2.iOS\App2.iOS.csproj", "{C5312A52-8B1F-458C-BE83-5D95F86E7CDB}"
EndProject
Project("{FAE04EC0-301F-11D3-BF4B-00C04F79EFBC}") = "App2", "App2\App2.csproj", "{37922620-726A-40D5-9FF4-C23E9EF2AB22}"
EndProject
Global
	GlobalSection(SolutionConfigurationPlatforms) = preSolution
		Debug|Any CPU = Debug|Any CPU
		Debug|ARM = Debug|ARM
		Debug|iPhone = Debug|iPhone
		Debug|iPhoneSimulator = Debug|iPhoneSimulator
		Debug|x64 = Debug|x64
		Debug|x86 = Debug|x86
		Release|Any CPU = Release|Any CPU
		Release|ARM = Release|ARM
		Release|iPhone = Release|iPhone
		Release|iPhoneSimulator = Release|iPhoneSimulator
		Release|x64 = Release|x64
		Release|x86 = Release|x86
	EndGlobalSection
	GlobalSection(ProjectConfigurationPlatforms) = postSolution
		{09E113EA-7B59-40E4-9CD1-970C80BED1CA}.Debug|Any CPU.ActiveCfg = Debug|x64
		{09E113EA-7B59-40E4-9CD1-970C80BED1CA}.Debug|Any CPU.Build.0 = Debug|x64
		{09E113EA-7B59-40E4-9CD1-970C80BED1CA}.Debug|Any CPU.Deploy.0 = Debug|x64
		{09E113EA-7B59-40E4-9CD1-970C80BED1CA}.Debug|ARM.ActiveCfg = Debug|ARM
		{09E113EA-7B59-40E4-9CD1-970C80BED1CA}.Debug|ARM.Build.0 = Debug|ARM
		{09E113EA-7B59-40E4-9CD1-970C80BED1CA}.Debug|ARM.Deploy.0 = Debug|ARM
		{09E113EA-7B59-40E4-9CD1-970C80BED1CA}.Debug|iPhone.ActiveCfg = Debug|x64
		{09E113EA-7B59-40E4-9CD1-970C80BED1CA}.Debug|iPhone.Build.0 = Debug|x64
		{09E113EA-7B59-40E4-9CD1-970C80BED1CA}.Debug|iPhone.Deploy.0 = Debug|x64
		{09E113EA-7B59-40E4-9CD1-970C80BED1CA}.Debug|iPhoneSimulator.ActiveCfg = Debug|x64
		{09E113EA-7B59-40E4-9CD1-970C80BED1CA}.Debug|iPhoneSimulator.Build.0 = Debug|x64
		{09E113EA-7B59-40E4-9CD1-970C80BED1CA}.Debug|iPhoneSimulator.Deploy.0 = Debug|x64
		{09E113EA-7B59-40E4-9CD1-970C80BED1CA}.Debug|x64.ActiveCfg = Debug|x64
		{09E113EA-7B59-40E4-9CD1-970C80BED1CA}.Debug|x64.Build.0 = Debug|x64
		{09E113EA-7B59-40E4-9CD1-970C80BED1CA}.Debug|x64.Deploy.0 = Debug|x64
		{09E113EA-7B59-40E4-9CD1-970C80BED1CA}.Debug|x86.ActiveCfg = Debug|x86
		{09E113EA-7B59-40E4-9CD1-970C80BED1CA}.Debug|x86.Build.0 = Debug|x86
		{09E113EA-7B59-40E4-9CD1-970C80BED1CA}.Debug|x86.Deploy.0 = Debug|x86
		{09E113EA-7B59-40E4-9CD1-970C80BED1CA}.Release|Any CPU.ActiveCfg = Release|x64
		{09E113EA-7B59-40E4-9CD1-970C80BED1CA}.Release|Any CPU.Build.0 = Release|x64
		{09E113EA-7B59-40E4-9CD1-970C80BED1CA}.Release|Any CPU.Deploy.0 = Release|x64
		{09E113EA-7B59-40E4-9CD1-970C80BED1CA}.Release|ARM.ActiveCfg = Release|ARM
		{09E113EA-7B59-40E4-9CD1-970C80BED1CA}.Release|ARM.Build.0 = Release|ARM
		{09E113EA-7B59-40E4-9CD1-970C80BED1CA}.Release|ARM.Deploy.0 = Release|ARM
		{09E113EA-7B59-40E4-9CD1-970C80BED1CA}.Release|iPhone.ActiveCfg = Release|x64
		{09E113EA-7B59-40E4-9CD1-970C80BED1CA}.Release|iPhone.Build.0 = Release|x64
		{09E113EA-7B59-40E4-9CD1-970C80BED1CA}.Release|iPhone.Deploy.0 = Release|x64
		{09E113EA-7B59-40E4-9CD1-970C80BED1CA}.Release|iPhoneSimulator.ActiveCfg = Release|x64
		{09E113EA-7B59-40E4-9CD1-970C80BED1CA}.Release|iPhoneSimulator.Build.0 = Release|x64
		{09E113EA-7B59-40E4-9CD1-970C80BED1CA}.Release|iPhoneSimulator.Deploy.0 = Release|x64
		{09E113EA-7B59-40E4-9CD1-970C80BED1CA}.Release|x64.ActiveCfg = Release|x64
		{09E113EA-7B59-40E4-9CD1-970C80BED1CA}.Release|x64.Build.0 = Release|x64
		{09E113EA-7B59-40E4-9CD1-970C80BED1CA}.Release|x64.Deploy.0 = Release|x64
		{09E113EA-7B59-40E4-9CD1-970C80BED1CA}.Release|x86.ActiveCfg = Release|x86
		{09E113EA-7B59-40E4-9CD1-970C80BED1CA}.Release|x86.Build.0 = Release|x86
		{09E113EA-7B59-40E4-9CD1-970C80BED1CA}.Release|x86.Deploy.0 = Release|x86
		{6B1BEC13-FB5A-441F-B6A1-4AB5C7FB03CD}.Debug|Any CPU.ActiveCfg = Debug|Any CPU
		{6B1BEC13-FB5A-441F-B6A1-4AB5C7FB03CD}.Debug|Any CPU.Build.0 = Debug|Any CPU
		{6B1BEC13-FB5A-441F-B6A1-4AB5C7FB03CD}.Debug|Any CPU.Deploy.0 = Debug|Any CPU
		{6B1BEC13-FB5A-441F-B6A1-4AB5C7FB03CD}.Debug|ARM.ActiveCfg = Debug|Any CPU
		{6B1BEC13-FB5A-441F-B6A1-4AB5C7FB03CD}.Debug|ARM.Build.0 = Debug|Any CPU
		{6B1BEC13-FB5A-441F-B6A1-4AB5C7FB03CD}.Debug|ARM.Deploy.0 = Debug|Any CPU
		{6B1BEC13-FB5A-441F-B6A1-4AB5C7FB03CD}.Debug|iPhone.ActiveCfg = Debug|Any CPU
		{6B1BEC13-FB5A-441F-B6A1-4AB5C7FB03CD}.Debug|iPhone.Build.0 = Debug|Any CPU
		{6B1BEC13-FB5A-441F-B6A1-4AB5C7FB03CD}.Debug|iPhone.Deploy.0 = Debug|Any CPU
		{6B1BEC13-FB5A-441F-B6A1-4AB5C7FB03CD}.Debug|iPhoneSimulator.ActiveCfg = Debug|Any CPU
		{6B1BEC13-FB5A-441F-B6A1-4AB5C7FB03CD}.Debug|iPhoneSimulator.Build.0 = Debug|Any CPU
		{6B1BEC13-FB5A-441F-B6A1-4AB5C7FB03CD}.Debug|iPhoneSimulator.Deploy.0 = Debug|Any CPU
		{6B1BEC13-FB5A-441F-B6A1-4AB5C7FB03CD}.Debug|x64.ActiveCfg = Debug|Any CPU
		{6B1BEC13-FB5A-441F-B6A1-4AB5C7FB03CD}.Debug|x64.Build.0 = Debug|Any CPU
		{6B1BEC13-FB5A-441F-B6A1-4AB5C7FB03CD}.Debug|x64.Deploy.0 = Debug|Any CPU
		{6B1BEC13-FB5A-441F-B6A1-4AB5C7FB03CD}.Debug|x86.ActiveCfg = Debug|Any CPU
		{6B1BEC13-FB5A-441F-B6A1-4AB5C7FB03CD}.Debug|x86.Build.0 = Debug|Any CPU
		{6B1BEC13-FB5A-441F-B6A1-4AB5C7FB03CD}.Debug|x86.Deploy.0 = Debug|Any CPU
		{6B1BEC13-FB5A-441F-B6A1-4AB5C7FB03CD}.Release|Any CPU.ActiveCfg = Release|Any CPU
		{6B1BEC13-FB5A-441F-B6A1-4AB5C7FB03CD}.Release|Any CPU.Build.0 = Release|Any CPU
		{6B1BEC13-FB5A-441F-B6A1-4AB5C7FB03CD}.Release|Any CPU.Deploy.0 = Release|Any CPU
		{6B1BEC13-FB5A-441F-B6A1-4AB5C7FB03CD}.Release|ARM.ActiveCfg = Release|Any CPU
		{6B1BEC13-FB5A-441F-B6A1-4AB5C7FB03CD}.Release|ARM.Build.0 = Release|Any CPU
		{6B1BEC13-FB5A-441F-B6A1-4AB5C7FB03CD}.Release|ARM.Deploy.0 = Release|Any CPU
		{6B1BEC13-FB5A-441F-B6A1-4AB5C7FB03CD}.Release|iPhone.ActiveCfg = Release|Any CPU
		{6B1BEC13-FB5A-441F-B6A1-4AB5C7FB03CD}.Release|iPhone.Build.0 = Release|Any CPU
		{6B1BEC13-FB5A-441F-B6A1-4AB5C7FB03CD}.Release|iPhone.Deploy.0 = Release|Any CPU
		{6B1BEC13-FB5A-441F-B6A1-4AB5C7FB03CD}.Release|iPhoneSimulator.ActiveCfg = Release|Any CPU
		{6B1BEC13-FB5A-441F-B6A1-4AB5C7FB03CD}.Release|iPhoneSimulator.Build.0 = Release|Any CPU
		{6B1BEC13-FB5A-441F-B6A1-4AB5C7FB03CD}.Release|iPhoneSimulator.Deploy.0 = Release|Any CPU
		{6B1BEC13-FB5A-441F-B6A1-4AB5C7FB03CD}.Release|x64.ActiveCfg = Release|Any CPU
		{6B1BEC13-FB5A-441F-B6A1-4AB5C7FB03CD}.Release|x64.Build.0 = Release|Any CPU
		{6B1BEC13-FB5A-441F-B6A1-4AB5C7FB03CD}.Release|x64.Deploy.0 = Release|Any CPU
		{6B1BEC13-FB5A-441F-B6A1-4AB5C7FB03CD}.Release|x86.ActiveCfg = Release|Any CPU
		{6B1BEC13-FB5A-441F-B6A1-4AB5C7FB03CD}.Release|x86.Build.0 = Release|Any CPU
		{6B1BEC13-FB5A-441F-B6A1-4AB5C7FB03CD}.Release|x86.Deploy.0 = Release|Any CPU
		{C5312A52-8B1F-458C-BE83-5D95F86E7CDB}.Debug|Any CPU.ActiveCfg = Debug|iPhoneSimulator
		{C5312A52-8B1F-458C-BE83-5D95F86E7CDB}.Debug|Any CPU.Build.0 = Debug|iPhoneSimulator
		{C5312A52-8B1F-458C-BE83-5D95F86E7CDB}.Debug|Any CPU.Deploy.0 = Debug|iPhoneSimulator
		{C5312A52-8B1F-458C-BE83-5D95F86E7CDB}.Debug|ARM.ActiveCfg = Debug|iPhoneSimulator
		{C5312A52-8B1F-458C-BE83-5D95F86E7CDB}.Debug|ARM.Build.0 = Debug|iPhoneSimulator
		{C5312A52-8B1F-458C-BE83-5D95F86E7CDB}.Debug|ARM.Deploy.0 = Debug|iPhoneSimulator
		{C5312A52-8B1F-458C-BE83-5D95F86E7CDB}.Debug|iPhone.ActiveCfg = Debug|iPhone
		{C5312A52-8B1F-458C-BE83-5D95F86E7CDB}.Debug|iPhone.Build.0 = Debug|iPhone
		{C5312A52-8B1F-458C-BE83-5D95F86E7CDB}.Debug|iPhone.Deploy.0 = Debug|iPhone
		{C5312A52-8B1F-458C-BE83-5D95F86E7CDB}.Debug|iPhoneSimulator.ActiveCfg = Debug|iPhoneSimulator
		{C5312A52-8B1F-458C-BE83-5D95F86E7CDB}.Debug|iPhoneSimulator.Build.0 = Debug|iPhoneSimulator
		{C5312A52-8B1F-458C-BE83-5D95F86E7CDB}.Debug|iPhoneSimulator.Deploy.0 = Debug|iPhoneSimulator
		{C5312A52-8B1F-458C-BE83-5D95F86E7CDB}.Debug|x64.ActiveCfg = Debug|iPhone
		{C5312A52-8B1F-458C-BE83-5D95F86E7CDB}.Debug|x64.Build.0 = Debug|iPhone
		{C5312A52-8B1F-458C-BE83-5D95F86E7CDB}.Debug|x64.Deploy.0 = Debug|iPhone
		{C5312A52-8B1F-458C-BE83-5D95F86E7CDB}.Debug|x86.ActiveCfg = Debug|iPhoneSimulator
		{C5312A52-8B1F-458C-BE83-5D95F86E7CDB}.Debug|x86.Build.0 = Debug|iPhoneSimulator
		{C5312A52-8B1F-458C-BE83-5D95F86E7CDB}.Debug|x86.Deploy.0 = Debug|iPhoneSimulator
		{C5312A52-8B1F-458C-BE83-5D95F86E7CDB}.Release|Any CPU.ActiveCfg = Release|iPhoneSimulator
		{C5312A52-8B1F-458C-BE83-5D95F86E7CDB}.Release|Any CPU.Build.0 = Release|iPhoneSimulator
		{C5312A52-8B1F-458C-BE83-5D95F86E7CDB}.Release|Any CPU.Deploy.0 = Release|iPhoneSimulator
		{C5312A52-8B1F-458C-BE83-5D95F86E7CDB}.Release|ARM.ActiveCfg = Release|iPhoneSimulator
		{C5312A52-8B1F-458C-BE83-5D95F86E7CDB}.Release|ARM.Build.0 = Release|iPhoneSimulator
		{C5312A52-8B1F-458C-BE83-5D95F86E7CDB}.Release|ARM.Deploy.0 = Release|iPhoneSimulator
		{C5312A52-8B1F-458C-BE83-5D95F86E7CDB}.Release|iPhone.ActiveCfg = Release|iPhone
		{C5312A52-8B1F-458C-BE83-5D95F86E7CDB}.Release|iPhone.Build.0 = Release|iPhone
		{C5312A52-8B1F-458C-BE83-5D95F86E7CDB}.Release|iPhone.Deploy.0 = Release|iPhone
		{C5312A52-8B1F-458C-BE83-5D95F86E7CDB}.Release|iPhoneSimulator.ActiveCfg = Release|iPhoneSimulator
		{C5312A52-8B1F-458C-BE83-5D95F86E7CDB}.Release|iPhoneSimulator.Build.0 = Release|iPhoneSimulator
		{C5312A52-8B1F-458C-BE83-5D95F86E7CDB}.Release|iPhoneSimulator.Deploy.0 = Release|iPhoneSimulator
		{C5312A52-8B1F-458C-BE83-5D95F86E7CDB}.Release|x64.ActiveCfg = Release|iPhoneSimulator
		{C5312A52-8B1F-458C-BE83-5D95F86E7CDB}.Release|x64.Build.0 = Release|iPhoneSimulator
		{C5312A52-8B1F-458C-BE83-5D95F86E7CDB}.Release|x64.Deploy.0 = Release|iPhoneSimulator
		{C5312A52-8B1F-458C-BE83-5D95F86E7CDB}.Release|x86.ActiveCfg = Release|iPhoneSimulator
		{C5312A52-8B1F-458C-BE83-5D95F86E7CDB}.Release|x86.Build.0 = Release|iPhoneSimulator
		{C5312A52-8B1F-458C-BE83-5D95F86E7CDB}.Release|x86.Deploy.0 = Release|iPhoneSimulator
		{37922620-726A-40D5-9FF4-C23E9EF2AB22}.Debug|Any CPU.ActiveCfg = Debug|Any CPU
		{37922620-726A-40D5-9FF4-C23E9EF2AB22}.Debug|Any CPU.Build.0 = Debug|Any CPU
		{37922620-726A-40D5-9FF4-C23E9EF2AB22}.Debug|Any CPU.Deploy.0 = Debug|Any CPU
		{37922620-726A-40D5-9FF4-C23E9EF2AB22}.Debug|ARM.ActiveCfg = Debug|Any CPU
		{37922620-726A-40D5-9FF4-C23E9EF2AB22}.Debug|ARM.Build.0 = Debug|Any CPU
		{37922620-726A-40D5-9FF4-C23E9EF2AB22}.Debug|ARM.Deploy.0 = Debug|Any CPU
		{37922620-726A-40D5-9FF4-C23E9EF2AB22}.Debug|iPhone.ActiveCfg = Debug|Any CPU
		{37922620-726A-40D5-9FF4-C23E9EF2AB22}.Debug|iPhone.Build.0 = Debug|Any CPU
		{37922620-726A-40D5-9FF4-C23E9EF2AB22}.Debug|iPhone.Deploy.0 = Debug|Any CPU
		{37922620-726A-40D5-9FF4-C23E9EF2AB22}.Debug|iPhoneSimulator.ActiveCfg = Debug|Any CPU
		{37922620-726A-40D5-9FF4-C23E9EF2AB22}.Debug|iPhoneSimulator.Build.0 = Debug|Any CPU
		{37922620-726A-40D5-9FF4-C23E9EF2AB22}.Debug|iPhoneSimulator.Deploy.0 = Debug|Any CPU
		{37922620-726A-40D5-9FF4-C23E9EF2AB22}.Debug|x64.ActiveCfg = Debug|Any CPU
		{37922620-726A-40D5-9FF4-C23E9EF2AB22}.Debug|x64.Build.0 = Debug|Any CPU
		{37922620-726A-40D5-9FF4-C23E9EF2AB22}.Debug|x64.Deploy.0 = Debug|Any CPU
		{37922620-726A-40D5-9FF4-C23E9EF2AB22}.Debug|x86.ActiveCfg = Debug|Any CPU
		{37922620-726A-40D5-9FF4-C23E9EF2AB22}.Debug|x86.Build.0 = Debug|Any CPU
		{37922620-726A-40D5-9FF4-C23E9EF2AB22}.Debug|x86.Deploy.0 = Debug|Any CPU
		{37922620-726A-40D5-9FF4-C23E9EF2AB22}.Release|Any CPU.ActiveCfg = Release|Any CPU
		{37922620-726A-40D5-9FF4-C23E9EF2AB22}.Release|Any CPU.Build.0 = Release|Any CPU
		{37922620-726A-40D5-9FF4-C23E9EF2AB22}.Release|Any CPU.Deploy.0 = Release|Any CPU
		{37922620-726A-40D5-9FF4-C23E9EF2AB22}.Release|ARM.ActiveCfg = Release|Any CPU
		{37922620-726A-40D5-9FF4-C23E9EF2AB22}.Release|ARM.Build.0 = Release|Any CPU
		{37922620-726A-40D5-9FF4-C23E9EF2AB22}.Release|ARM.Deploy.0 = Release|Any CPU
		{37922620-726A-40D5-9FF4-C23E9EF2AB22}.Release|iPhone.ActiveCfg = Release|Any CPU
		{37922620-726A-40D5-9FF4-C23E9EF2AB22}.Release|iPhone.Build.0 = Release|Any CPU
		{37922620-726A-40D5-9FF4-C23E9EF2AB22}.Release|iPhone.Deploy.0 = Release|Any CPU
		{37922620-726A-40D5-9FF4-C23E9EF2AB22}.Release|iPhoneSimulator.ActiveCfg = Release|Any CPU
		{37922620-726A-40D5-9FF4-C23E9EF2AB22}.Release|iPhoneSimulator.Build.0 = Release|Any CPU
		{37922620-726A-40D5-9FF4-C23E9EF2AB22}.Release|iPhoneSimulator.Deploy.0 = Release|Any CPU
		{37922620-726A-40D5-9FF4-C23E9EF2AB22}.Release|x64.ActiveCfg = Release|Any CPU
		{37922620-726A-40D5-9FF4-C23E9EF2AB22}.Release|x64.Build.0 = Release|Any CPU
		{37922620-726A-40D5-9FF4-C23E9EF2AB22}.Release|x64.Deploy.0 = Release|Any CPU
		{37922620-726A-40D5-9FF4-C23E9EF2AB22}.Release|x86.ActiveCfg = Release|Any CPU
		{37922620-726A-40D5-9FF4-C23E9EF2AB22}.Release|x86.Build.0 = Release|Any CPU
		{37922620-726A-40D5-9FF4-C23E9EF2AB22}.Release|x86.Deploy.0 = Release|Any CPU
	EndGlobalSection
	GlobalSection(SolutionProperties) = preSolution
		HideSolutionNode = FALSE
	EndGlobalSection
	GlobalSection(ExtensibilityGlobals) = postSolution
		SolutionGuid = {93DB2967-6399-459E-A86F-36C873806ED6}
	EndGlobalSection
EndGlobal
