
Microsoft Visual Studio Solution File, Format Version 12.00
# Visual Studio Version 17
VisualStudioVersion = 17.5.001.0
MinimumVisualStudioVersion = 10.0.40219.1
Project("{9A19103F-16F7-4668-BE54-9A1E7A4F7556}") = "nickchapsas", "nickchapsas.csproj", "{941DD6DA-EC3A-4F07-A206-5443DD1CDBF1}"
EndProject
Global
	GlobalSection(SolutionConfigurationPlatforms) = preSolution
		Debug|Any CPU = Debug|Any CPU
		Release|Any CPU = Release|Any CPU
	EndGlobalSection
	GlobalSection(ProjectConfigurationPlatforms) = postSolution
		{941DD6DA-EC3A-4F07-A206-5443DD1CDBF1}.Debug|Any CPU.ActiveCfg = Debug|Any CPU
		{941DD6DA-EC3A-4F07-A206-5443DD1CDBF1}.Debug|Any CPU.Build.0 = Debug|Any CPU
		{941DD6DA-EC3A-4F07-A206-5443DD1CDBF1}.Release|Any CPU.ActiveCfg = Release|Any CPU
		{941DD6DA-EC3A-4F07-A206-5443DD1CDBF1}.Release|Any CPU.Build.0 = Release|Any CPU
	EndGlobalSection
	GlobalSection(SolutionProperties) = preSolution
		HideSolutionNode = FALSE
	EndGlobalSection
	GlobalSection(ExtensibilityGlobals) = postSolution
		SolutionGuid = {24FC1D17-3AC0-4A70-9DBC-9B725F72B5C2}
	EndGlobalSection
EndGlobal
