
Microsoft Visual Studio Solution File, Format Version 12.00
# Visual Studio Version 17
VisualStudioVersion = 17.5.33516.290
MinimumVisualStudioVersion = 10.0.40219.1
Project("{FAE04EC0-301F-11D3-BF4B-00C04F79EFBC}") = "VideoDownload", "VideoDownload.csproj", "{23835494-318F-4B9B-9C20-CB81B1E89158}"
EndProject
Global
	GlobalSection(SolutionConfigurationPlatforms) = preSolution
		Debug|Any CPU = Debug|Any CPU
		Release|Any CPU = Release|Any CPU
	EndGlobalSection
	GlobalSection(ProjectConfigurationPlatforms) = postSolution
		{23835494-318F-4B9B-9C20-CB81B1E89158}.Debug|Any CPU.ActiveCfg = Debug|Any CPU
		{23835494-318F-4B9B-9C20-CB81B1E89158}.Debug|Any CPU.Build.0 = Debug|Any CPU
		{23835494-318F-4B9B-9C20-CB81B1E89158}.Release|Any CPU.ActiveCfg = Release|Any CPU
		{23835494-318F-4B9B-9C20-CB81B1E89158}.Release|Any CPU.Build.0 = Release|Any CPU
	EndGlobalSection
	GlobalSection(SolutionProperties) = preSolution
		HideSolutionNode = FALSE
	EndGlobalSection
	GlobalSection(ExtensibilityGlobals) = postSolution
		SolutionGuid = {30FB8D8D-8FC6-4584-AC9B-82AF4AF3A4E9}
	EndGlobalSection
EndGlobal
