
Microsoft Visual Studio Solution File, Format Version 12.00
# Visual Studio Version 17
VisualStudioVersion = 17.0.32126.317
MinimumVisualStudioVersion = 10.0.40219.1
Project("{FAE04EC0-301F-11D3-BF4B-00C04F79EFBC}") = "Notes.UWP", "Notes.UWP\Notes.UWP.csproj", "{78B3D7EE-BB83-4213-BE10-D95AA932E8EF}"
EndProject
Project("{FAE04EC0-301F-11D3-BF4B-00C04F79EFBC}") = "Notes.Android", "Notes.Android\Notes.Android.csproj", "{21C3342F-BEC3-419E-8427-ED31DD9FA9FA}"
EndProject
Project("{FAE04EC0-301F-11D3-BF4B-00C04F79EFBC}") = "Notes.iOS", "Notes.iOS\Notes.iOS.csproj", "{5E7EE05B-BC3D-4730-88DA-09ED39456F16}"
EndProject
Project("{FAE04EC0-301F-11D3-BF4B-00C04F79EFBC}") = "Notes", "Notes\Notes.csproj", "{E7648DF2-A765-468C-9BCC-12137B28FCC9}"
EndProject
Global
	GlobalSection(SolutionConfigurationPlatforms) = preSolution
		Debug|Any CPU = Debug|Any CPU
		Debug|ARM = Debug|ARM
		Debug|iPhone = Debug|iPhone
		Debug|iPhoneSimulator = Debug|iPhoneSimulator
		Debug|x64 = Debug|x64
		Debug|x86 = Debug|x86
		Release|Any CPU = Release|Any CPU
		Release|ARM = Release|ARM
		Release|iPhone = Release|iPhone
		Release|iPhoneSimulator = Release|iPhoneSimulator
		Release|x64 = Release|x64
		Release|x86 = Release|x86
	EndGlobalSection
	GlobalSection(ProjectConfigurationPlatforms) = postSolution
		{78B3D7EE-BB83-4213-BE10-D95AA932E8EF}.Debug|Any CPU.ActiveCfg = Debug|x64
		{78B3D7EE-BB83-4213-BE10-D95AA932E8EF}.Debug|Any CPU.Build.0 = Debug|x64
		{78B3D7EE-BB83-4213-BE10-D95AA932E8EF}.Debug|Any CPU.Deploy.0 = Debug|x64
		{78B3D7EE-BB83-4213-BE10-D95AA932E8EF}.Debug|ARM.ActiveCfg = Debug|ARM
		{78B3D7EE-BB83-4213-BE10-D95AA932E8EF}.Debug|ARM.Build.0 = Debug|ARM
		{78B3D7EE-BB83-4213-BE10-D95AA932E8EF}.Debug|ARM.Deploy.0 = Debug|ARM
		{78B3D7EE-BB83-4213-BE10-D95AA932E8EF}.Debug|iPhone.ActiveCfg = Debug|x64
		{78B3D7EE-BB83-4213-BE10-D95AA932E8EF}.Debug|iPhone.Build.0 = Debug|x64
		{78B3D7EE-BB83-4213-BE10-D95AA932E8EF}.Debug|iPhone.Deploy.0 = Debug|x64
		{78B3D7EE-BB83-4213-BE10-D95AA932E8EF}.Debug|iPhoneSimulator.ActiveCfg = Debug|x64
		{78B3D7EE-BB83-4213-BE10-D95AA932E8EF}.Debug|iPhoneSimulator.Build.0 = Debug|x64
		{78B3D7EE-BB83-4213-BE10-D95AA932E8EF}.Debug|iPhoneSimulator.Deploy.0 = Debug|x64
		{78B3D7EE-BB83-4213-BE10-D95AA932E8EF}.Debug|x64.ActiveCfg = Debug|x64
		{78B3D7EE-BB83-4213-BE10-D95AA932E8EF}.Debug|x64.Build.0 = Debug|x64
		{78B3D7EE-BB83-4213-BE10-D95AA932E8EF}.Debug|x64.Deploy.0 = Debug|x64
		{78B3D7EE-BB83-4213-BE10-D95AA932E8EF}.Debug|x86.ActiveCfg = Debug|x86
		{78B3D7EE-BB83-4213-BE10-D95AA932E8EF}.Debug|x86.Build.0 = Debug|x86
		{78B3D7EE-BB83-4213-BE10-D95AA932E8EF}.Debug|x86.Deploy.0 = Debug|x86
		{78B3D7EE-BB83-4213-BE10-D95AA932E8EF}.Release|Any CPU.ActiveCfg = Release|x64
		{78B3D7EE-BB83-4213-BE10-D95AA932E8EF}.Release|Any CPU.Build.0 = Release|x64
		{78B3D7EE-BB83-4213-BE10-D95AA932E8EF}.Release|Any CPU.Deploy.0 = Release|x64
		{78B3D7EE-BB83-4213-BE10-D95AA932E8EF}.Release|ARM.ActiveCfg = Release|ARM
		{78B3D7EE-BB83-4213-BE10-D95AA932E8EF}.Release|ARM.Build.0 = Release|ARM
		{78B3D7EE-BB83-4213-BE10-D95AA932E8EF}.Release|ARM.Deploy.0 = Release|ARM
		{78B3D7EE-BB83-4213-BE10-D95AA932E8EF}.Release|iPhone.ActiveCfg = Release|x64
		{78B3D7EE-BB83-4213-BE10-D95AA932E8EF}.Release|iPhone.Build.0 = Release|x64
		{78B3D7EE-BB83-4213-BE10-D95AA932E8EF}.Release|iPhone.Deploy.0 = Release|x64
		{78B3D7EE-BB83-4213-BE10-D95AA932E8EF}.Release|iPhoneSimulator.ActiveCfg = Release|x64
		{78B3D7EE-BB83-4213-BE10-D95AA932E8EF}.Release|iPhoneSimulator.Build.0 = Release|x64
		{78B3D7EE-BB83-4213-BE10-D95AA932E8EF}.Release|iPhoneSimulator.Deploy.0 = Release|x64
		{78B3D7EE-BB83-4213-BE10-D95AA932E8EF}.Release|x64.ActiveCfg = Release|x64
		{78B3D7EE-BB83-4213-BE10-D95AA932E8EF}.Release|x64.Build.0 = Release|x64
		{78B3D7EE-BB83-4213-BE10-D95AA932E8EF}.Release|x64.Deploy.0 = Release|x64
		{78B3D7EE-BB83-4213-BE10-D95AA932E8EF}.Release|x86.ActiveCfg = Release|x86
		{78B3D7EE-BB83-4213-BE10-D95AA932E8EF}.Release|x86.Build.0 = Release|x86
		{78B3D7EE-BB83-4213-BE10-D95AA932E8EF}.Release|x86.Deploy.0 = Release|x86
		{21C3342F-BEC3-419E-8427-ED31DD9FA9FA}.Debug|Any CPU.ActiveCfg = Debug|Any CPU
		{21C3342F-BEC3-419E-8427-ED31DD9FA9FA}.Debug|Any CPU.Build.0 = Debug|Any CPU
		{21C3342F-BEC3-419E-8427-ED31DD9FA9FA}.Debug|Any CPU.Deploy.0 = Debug|Any CPU
		{21C3342F-BEC3-419E-8427-ED31DD9FA9FA}.Debug|ARM.ActiveCfg = Debug|Any CPU
		{21C3342F-BEC3-419E-8427-ED31DD9FA9FA}.Debug|ARM.Build.0 = Debug|Any CPU
		{21C3342F-BEC3-419E-8427-ED31DD9FA9FA}.Debug|ARM.Deploy.0 = Debug|Any CPU
		{21C3342F-BEC3-419E-8427-ED31DD9FA9FA}.Debug|iPhone.ActiveCfg = Debug|Any CPU
		{21C3342F-BEC3-419E-8427-ED31DD9FA9FA}.Debug|iPhone.Build.0 = Debug|Any CPU
		{21C3342F-BEC3-419E-8427-ED31DD9FA9FA}.Debug|iPhone.Deploy.0 = Debug|Any CPU
		{21C3342F-BEC3-419E-8427-ED31DD9FA9FA}.Debug|iPhoneSimulator.ActiveCfg = Debug|Any CPU
		{21C3342F-BEC3-419E-8427-ED31DD9FA9FA}.Debug|iPhoneSimulator.Build.0 = Debug|Any CPU
		{21C3342F-BEC3-419E-8427-ED31DD9FA9FA}.Debug|iPhoneSimulator.Deploy.0 = Debug|Any CPU
		{21C3342F-BEC3-419E-8427-ED31DD9FA9FA}.Debug|x64.ActiveCfg = Debug|Any CPU
		{21C3342F-BEC3-419E-8427-ED31DD9FA9FA}.Debug|x64.Build.0 = Debug|Any CPU
		{21C3342F-BEC3-419E-8427-ED31DD9FA9FA}.Debug|x64.Deploy.0 = Debug|Any CPU
		{21C3342F-BEC3-419E-8427-ED31DD9FA9FA}.Debug|x86.ActiveCfg = Debug|Any CPU
		{21C3342F-BEC3-419E-8427-ED31DD9FA9FA}.Debug|x86.Build.0 = Debug|Any CPU
		{21C3342F-BEC3-419E-8427-ED31DD9FA9FA}.Debug|x86.Deploy.0 = Debug|Any CPU
		{21C3342F-BEC3-419E-8427-ED31DD9FA9FA}.Release|Any CPU.ActiveCfg = Release|Any CPU
		{21C3342F-BEC3-419E-8427-ED31DD9FA9FA}.Release|Any CPU.Build.0 = Release|Any CPU
		{21C3342F-BEC3-419E-8427-ED31DD9FA9FA}.Release|Any CPU.Deploy.0 = Release|Any CPU
		{21C3342F-BEC3-419E-8427-ED31DD9FA9FA}.Release|ARM.ActiveCfg = Release|Any CPU
		{21C3342F-BEC3-419E-8427-ED31DD9FA9FA}.Release|ARM.Build.0 = Release|Any CPU
		{21C3342F-BEC3-419E-8427-ED31DD9FA9FA}.Release|ARM.Deploy.0 = Release|Any CPU
		{21C3342F-BEC3-419E-8427-ED31DD9FA9FA}.Release|iPhone.ActiveCfg = Release|Any CPU
		{21C3342F-BEC3-419E-8427-ED31DD9FA9FA}.Release|iPhone.Build.0 = Release|Any CPU
		{21C3342F-BEC3-419E-8427-ED31DD9FA9FA}.Release|iPhone.Deploy.0 = Release|Any CPU
		{21C3342F-BEC3-419E-8427-ED31DD9FA9FA}.Release|iPhoneSimulator.ActiveCfg = Release|Any CPU
		{21C3342F-BEC3-419E-8427-ED31DD9FA9FA}.Release|iPhoneSimulator.Build.0 = Release|Any CPU
		{21C3342F-BEC3-419E-8427-ED31DD9FA9FA}.Release|iPhoneSimulator.Deploy.0 = Release|Any CPU
		{21C3342F-BEC3-419E-8427-ED31DD9FA9FA}.Release|x64.ActiveCfg = Release|Any CPU
		{21C3342F-BEC3-419E-8427-ED31DD9FA9FA}.Release|x64.Build.0 = Release|Any CPU
		{21C3342F-BEC3-419E-8427-ED31DD9FA9FA}.Release|x64.Deploy.0 = Release|Any CPU
		{21C3342F-BEC3-419E-8427-ED31DD9FA9FA}.Release|x86.ActiveCfg = Release|Any CPU
		{21C3342F-BEC3-419E-8427-ED31DD9FA9FA}.Release|x86.Build.0 = Release|Any CPU
		{21C3342F-BEC3-419E-8427-ED31DD9FA9FA}.Release|x86.Deploy.0 = Release|Any CPU
		{5E7EE05B-BC3D-4730-88DA-09ED39456F16}.Debug|Any CPU.ActiveCfg = Debug|iPhoneSimulator
		{5E7EE05B-BC3D-4730-88DA-09ED39456F16}.Debug|Any CPU.Build.0 = Debug|iPhoneSimulator
		{5E7EE05B-BC3D-4730-88DA-09ED39456F16}.Debug|Any CPU.Deploy.0 = Debug|iPhoneSimulator
		{5E7EE05B-BC3D-4730-88DA-09ED39456F16}.Debug|ARM.ActiveCfg = Debug|iPhoneSimulator
		{5E7EE05B-BC3D-4730-88DA-09ED39456F16}.Debug|ARM.Build.0 = Debug|iPhoneSimulator
		{5E7EE05B-BC3D-4730-88DA-09ED39456F16}.Debug|ARM.Deploy.0 = Debug|iPhoneSimulator
		{5E7EE05B-BC3D-4730-88DA-09ED39456F16}.Debug|iPhone.ActiveCfg = Debug|iPhone
		{5E7EE05B-BC3D-4730-88DA-09ED39456F16}.Debug|iPhone.Build.0 = Debug|iPhone
		{5E7EE05B-BC3D-4730-88DA-09ED39456F16}.Debug|iPhone.Deploy.0 = Debug|iPhone
		{5E7EE05B-BC3D-4730-88DA-09ED39456F16}.Debug|iPhoneSimulator.ActiveCfg = Debug|iPhoneSimulator
		{5E7EE05B-BC3D-4730-88DA-09ED39456F16}.Debug|iPhoneSimulator.Build.0 = Debug|iPhoneSimulator
		{5E7EE05B-BC3D-4730-88DA-09ED39456F16}.Debug|iPhoneSimulator.Deploy.0 = Debug|iPhoneSimulator
		{5E7EE05B-BC3D-4730-88DA-09ED39456F16}.Debug|x64.ActiveCfg = Debug|iPhone
		{5E7EE05B-BC3D-4730-88DA-09ED39456F16}.Debug|x64.Build.0 = Debug|iPhone
		{5E7EE05B-BC3D-4730-88DA-09ED39456F16}.Debug|x64.Deploy.0 = Debug|iPhone
		{5E7EE05B-BC3D-4730-88DA-09ED39456F16}.Debug|x86.ActiveCfg = Debug|iPhoneSimulator
		{5E7EE05B-BC3D-4730-88DA-09ED39456F16}.Debug|x86.Build.0 = Debug|iPhoneSimulator
		{5E7EE05B-BC3D-4730-88DA-09ED39456F16}.Debug|x86.Deploy.0 = Debug|iPhoneSimulator
		{5E7EE05B-BC3D-4730-88DA-09ED39456F16}.Release|Any CPU.ActiveCfg = Release|iPhoneSimulator
		{5E7EE05B-BC3D-4730-88DA-09ED39456F16}.Release|Any CPU.Build.0 = Release|iPhoneSimulator
		{5E7EE05B-BC3D-4730-88DA-09ED39456F16}.Release|Any CPU.Deploy.0 = Release|iPhoneSimulator
		{5E7EE05B-BC3D-4730-88DA-09ED39456F16}.Release|ARM.ActiveCfg = Release|iPhoneSimulator
		{5E7EE05B-BC3D-4730-88DA-09ED39456F16}.Release|ARM.Build.0 = Release|iPhoneSimulator
		{5E7EE05B-BC3D-4730-88DA-09ED39456F16}.Release|ARM.Deploy.0 = Release|iPhoneSimulator
		{5E7EE05B-BC3D-4730-88DA-09ED39456F16}.Release|iPhone.ActiveCfg = Release|iPhone
		{5E7EE05B-BC3D-4730-88DA-09ED39456F16}.Release|iPhone.Build.0 = Release|iPhone
		{5E7EE05B-BC3D-4730-88DA-09ED39456F16}.Release|iPhone.Deploy.0 = Release|iPhone
		{5E7EE05B-BC3D-4730-88DA-09ED39456F16}.Release|iPhoneSimulator.ActiveCfg = Release|iPhoneSimulator
		{5E7EE05B-BC3D-4730-88DA-09ED39456F16}.Release|iPhoneSimulator.Build.0 = Release|iPhoneSimulator
		{5E7EE05B-BC3D-4730-88DA-09ED39456F16}.Release|iPhoneSimulator.Deploy.0 = Release|iPhoneSimulator
		{5E7EE05B-BC3D-4730-88DA-09ED39456F16}.Release|x64.ActiveCfg = Release|iPhoneSimulator
		{5E7EE05B-BC3D-4730-88DA-09ED39456F16}.Release|x64.Build.0 = Release|iPhoneSimulator
		{5E7EE05B-BC3D-4730-88DA-09ED39456F16}.Release|x64.Deploy.0 = Release|iPhoneSimulator
		{5E7EE05B-BC3D-4730-88DA-09ED39456F16}.Release|x86.ActiveCfg = Release|iPhoneSimulator
		{5E7EE05B-BC3D-4730-88DA-09ED39456F16}.Release|x86.Build.0 = Release|iPhoneSimulator
		{5E7EE05B-BC3D-4730-88DA-09ED39456F16}.Release|x86.Deploy.0 = Release|iPhoneSimulator
		{E7648DF2-A765-468C-9BCC-12137B28FCC9}.Debug|Any CPU.ActiveCfg = Debug|Any CPU
		{E7648DF2-A765-468C-9BCC-12137B28FCC9}.Debug|Any CPU.Build.0 = Debug|Any CPU
		{E7648DF2-A765-468C-9BCC-12137B28FCC9}.Debug|Any CPU.Deploy.0 = Debug|Any CPU
		{E7648DF2-A765-468C-9BCC-12137B28FCC9}.Debug|ARM.ActiveCfg = Debug|Any CPU
		{E7648DF2-A765-468C-9BCC-12137B28FCC9}.Debug|ARM.Build.0 = Debug|Any CPU
		{E7648DF2-A765-468C-9BCC-12137B28FCC9}.Debug|ARM.Deploy.0 = Debug|Any CPU
		{E7648DF2-A765-468C-9BCC-12137B28FCC9}.Debug|iPhone.ActiveCfg = Debug|Any CPU
		{E7648DF2-A765-468C-9BCC-12137B28FCC9}.Debug|iPhone.Build.0 = Debug|Any CPU
		{E7648DF2-A765-468C-9BCC-12137B28FCC9}.Debug|iPhone.Deploy.0 = Debug|Any CPU
		{E7648DF2-A765-468C-9BCC-12137B28FCC9}.Debug|iPhoneSimulator.ActiveCfg = Debug|Any CPU
		{E7648DF2-A765-468C-9BCC-12137B28FCC9}.Debug|iPhoneSimulator.Build.0 = Debug|Any CPU
		{E7648DF2-A765-468C-9BCC-12137B28FCC9}.Debug|iPhoneSimulator.Deploy.0 = Debug|Any CPU
		{E7648DF2-A765-468C-9BCC-12137B28FCC9}.Debug|x64.ActiveCfg = Debug|Any CPU
		{E7648DF2-A765-468C-9BCC-12137B28FCC9}.Debug|x64.Build.0 = Debug|Any CPU
		{E7648DF2-A765-468C-9BCC-12137B28FCC9}.Debug|x64.Deploy.0 = Debug|Any CPU
		{E7648DF2-A765-468C-9BCC-12137B28FCC9}.Debug|x86.ActiveCfg = Debug|Any CPU
		{E7648DF2-A765-468C-9BCC-12137B28FCC9}.Debug|x86.Build.0 = Debug|Any CPU
		{E7648DF2-A765-468C-9BCC-12137B28FCC9}.Debug|x86.Deploy.0 = Debug|Any CPU
		{E7648DF2-A765-468C-9BCC-12137B28FCC9}.Release|Any CPU.ActiveCfg = Release|Any CPU
		{E7648DF2-A765-468C-9BCC-12137B28FCC9}.Release|Any CPU.Build.0 = Release|Any CPU
		{E7648DF2-A765-468C-9BCC-12137B28FCC9}.Release|Any CPU.Deploy.0 = Release|Any CPU
		{E7648DF2-A765-468C-9BCC-12137B28FCC9}.Release|ARM.ActiveCfg = Release|Any CPU
		{E7648DF2-A765-468C-9BCC-12137B28FCC9}.Release|ARM.Build.0 = Release|Any CPU
		{E7648DF2-A765-468C-9BCC-12137B28FCC9}.Release|ARM.Deploy.0 = Release|Any CPU
		{E7648DF2-A765-468C-9BCC-12137B28FCC9}.Release|iPhone.ActiveCfg = Release|Any CPU
		{E7648DF2-A765-468C-9BCC-12137B28FCC9}.Release|iPhone.Build.0 = Release|Any CPU
		{E7648DF2-A765-468C-9BCC-12137B28FCC9}.Release|iPhone.Deploy.0 = Release|Any CPU
		{E7648DF2-A765-468C-9BCC-12137B28FCC9}.Release|iPhoneSimulator.ActiveCfg = Release|Any CPU
		{E7648DF2-A765-468C-9BCC-12137B28FCC9}.Release|iPhoneSimulator.Build.0 = Release|Any CPU
		{E7648DF2-A765-468C-9BCC-12137B28FCC9}.Release|iPhoneSimulator.Deploy.0 = Release|Any CPU
		{E7648DF2-A765-468C-9BCC-12137B28FCC9}.Release|x64.ActiveCfg = Release|Any CPU
		{E7648DF2-A765-468C-9BCC-12137B28FCC9}.Release|x64.Build.0 = Release|Any CPU
		{E7648DF2-A765-468C-9BCC-12137B28FCC9}.Release|x64.Deploy.0 = Release|Any CPU
		{E7648DF2-A765-468C-9BCC-12137B28FCC9}.Release|x86.ActiveCfg = Release|Any CPU
		{E7648DF2-A765-468C-9BCC-12137B28FCC9}.Release|x86.Build.0 = Release|Any CPU
		{E7648DF2-A765-468C-9BCC-12137B28FCC9}.Release|x86.Deploy.0 = Release|Any CPU
	EndGlobalSection
	GlobalSection(SolutionProperties) = preSolution
		HideSolutionNode = FALSE
	EndGlobalSection
	GlobalSection(ExtensibilityGlobals) = postSolution
		SolutionGuid = {EB155AEA-D6CA-41FE-94BF-E58620B24D83}
	EndGlobalSection
EndGlobal
