
Microsoft Visual Studio Solution File, Format Version 12.00
# Visual Studio Version 16
VisualStudioVersion = 16.0.31624.102
MinimumVisualStudioVersion = 10.0.40219.1
Project("{FAE04EC0-301F-11D3-BF4B-00C04F79EFBC}") = "M", "M.csproj", "{AB014705-38BD-4316-9D12-2B1A68C7942B}"
EndProject
Global
	GlobalSection(SolutionConfigurationPlatforms) = preSolution
		Debug|Any CPU = Debug|Any CPU
		Release|Any CPU = Release|Any CPU
	EndGlobalSection
	GlobalSection(ProjectConfigurationPlatforms) = postSolution
		{AB014705-38BD-4316-9D12-2B1A68C7942B}.Debug|Any CPU.ActiveCfg = Debug|Any CPU
		{AB014705-38BD-4316-9D12-2B1A68C7942B}.Debug|Any CPU.Build.0 = Debug|Any CPU
		{AB014705-38BD-4316-9D12-2B1A68C7942B}.Release|Any CPU.ActiveCfg = Release|Any CPU
		{AB014705-38BD-4316-9D12-2B1A68C7942B}.Release|Any CPU.Build.0 = Release|Any CPU
	EndGlobalSection
	GlobalSection(SolutionProperties) = preSolution
		HideSolutionNode = FALSE
	EndGlobalSection
	GlobalSection(ExtensibilityGlobals) = postSolution
		SolutionGuid = {7F99B987-8689-4A73-A0F1-FB6052AC25EB}
	EndGlobalSection
EndGlobal
