
Microsoft Visual Studio Solution File, Format Version 12.00
# Visual Studio Version 17
VisualStudioVersion = 17.5.33516.290
MinimumVisualStudioVersion = 10.0.40219.1
Project("{FAE04EC0-301F-11D3-BF4B-00C04F79EFBC}") = "Spider", "Spider.csproj", "{CECD800E-A34C-428F-A781-70B6F7DCF129}"
EndProject
Global
	GlobalSection(SolutionConfigurationPlatforms) = preSolution
		Debug|Any CPU = Debug|Any CPU
		Release|Any CPU = Release|Any CPU
	EndGlobalSection
	GlobalSection(ProjectConfigurationPlatforms) = postSolution
		{CECD800E-A34C-428F-A781-70B6F7DCF129}.Debug|Any CPU.ActiveCfg = Debug|Any CPU
		{CECD800E-A34C-428F-A781-70B6F7DCF129}.Debug|Any CPU.Build.0 = Debug|Any CPU
		{CECD800E-A34C-428F-A781-70B6F7DCF129}.Release|Any CPU.ActiveCfg = Release|Any CPU
		{CECD800E-A34C-428F-A781-70B6F7DCF129}.Release|Any CPU.Build.0 = Release|Any CPU
	EndGlobalSection
	GlobalSection(SolutionProperties) = preSolution
		HideSolutionNode = FALSE
	EndGlobalSection
	GlobalSection(ExtensibilityGlobals) = postSolution
		SolutionGuid = {560954E3-236D-4CDF-B155-6825771D9FC2}
	EndGlobalSection
EndGlobal
