
Microsoft Visual Studio Solution File, Format Version 12.00
# Visual Studio Version 17
VisualStudioVersion = 17.7.34031.279
MinimumVisualStudioVersion = 10.0.40219.1
Project("{FAE04EC0-301F-11D3-BF4B-00C04F79EFBC}") = "BlazorMauiApp1", "BlazorMauiApp1.csproj", "{BFA0084B-7CF4-4AE4-B989-78FB428F0843}"
EndProject
Global
	GlobalSection(SolutionConfigurationPlatforms) = preSolution
		Debug|Any CPU = Debug|Any CPU
		Release|Any CPU = Release|Any CPU
	EndGlobalSection
	GlobalSection(ProjectConfigurationPlatforms) = postSolution
		{BFA0084B-7CF4-4AE4-B989-78FB428F0843}.Debug|Any CPU.ActiveCfg = Debug|Any CPU
		{BFA0084B-7CF4-4AE4-B989-78FB428F0843}.Debug|Any CPU.Build.0 = Debug|Any CPU
		{BFA0084B-7CF4-4AE4-B989-78FB428F0843}.Debug|Any CPU.Deploy.0 = Debug|Any CPU
		{BFA0084B-7CF4-4AE4-B989-78FB428F0843}.Release|Any CPU.ActiveCfg = Release|Any CPU
		{BFA0084B-7CF4-4AE4-B989-78FB428F0843}.Release|Any CPU.Build.0 = Release|Any CPU
		{BFA0084B-7CF4-4AE4-B989-78FB428F0843}.Release|Any CPU.Deploy.0 = Release|Any CPU
	EndGlobalSection
	GlobalSection(SolutionProperties) = preSolution
		HideSolutionNode = FALSE
	EndGlobalSection
	GlobalSection(ExtensibilityGlobals) = postSolution
		SolutionGuid = {8246B398-624F-44F2-92D2-F9D218849F4C}
	EndGlobalSection
EndGlobal
