
Microsoft Visual Studio Solution File, Format Version 12.00
# Visual Studio Version 17
VisualStudioVersion = 17.11.35303.130
MinimumVisualStudioVersion = 10.0.40219.1
Project("{FAE04EC0-301F-11D3-BF4B-00C04F79EFBC}") = "VlookupXlsm", "VlookupXlsm.csproj", "{EAD80269-B35E-4A6C-8B12-8FE20B46929B}"
EndProject
Global
	GlobalSection(SolutionConfigurationPlatforms) = preSolution
		Debug|Any CPU = Debug|Any CPU
		Release|Any CPU = Release|Any CPU
	EndGlobalSection
	GlobalSection(ProjectConfigurationPlatforms) = postSolution
		{EAD80269-B35E-4A6C-8B12-8FE20B46929B}.Debug|Any CPU.ActiveCfg = Debug|Any CPU
		{EAD80269-B35E-4A6C-8B12-8FE20B46929B}.Debug|Any CPU.Build.0 = Debug|Any CPU
		{EAD80269-B35E-4A6C-8B12-8FE20B46929B}.Release|Any CPU.ActiveCfg = Release|Any CPU
		{EAD80269-B35E-4A6C-8B12-8FE20B46929B}.Release|Any CPU.Build.0 = Release|Any CPU
	EndGlobalSection
	GlobalSection(SolutionProperties) = preSolution
		HideSolutionNode = FALSE
	EndGlobalSection
	GlobalSection(ExtensibilityGlobals) = postSolution
		SolutionGuid = {942838A4-9CD8-41FD-889A-B6F493B8DD57}
	EndGlobalSection
EndGlobal
