
Microsoft Visual Studio Solution File, Format Version 12.00
# Visual Studio Version 17
VisualStudioVersion = 17.3.32929.385
MinimumVisualStudioVersion = 10.0.40219.1
Project("{FAE04EC0-301F-11D3-BF4B-00C04F79EFBC}") = "SampleToDo", "SampleToDo.csproj", "{05AE0BF3-96E1-4CEA-9BE2-2D49CA3C2C1B}"
EndProject
Global
	GlobalSection(SolutionConfigurationPlatforms) = preSolution
		Debug|Any CPU = Debug|Any CPU
		Release|Any CPU = Release|Any CPU
	EndGlobalSection
	GlobalSection(ProjectConfigurationPlatforms) = postSolution
		{05AE0BF3-96E1-4CEA-9BE2-2D49CA3C2C1B}.Debug|Any CPU.ActiveCfg = Debug|Any CPU
		{05AE0BF3-96E1-4CEA-9BE2-2D49CA3C2C1B}.Debug|Any CPU.Build.0 = Debug|Any CPU
		{05AE0BF3-96E1-4CEA-9BE2-2D49CA3C2C1B}.Release|Any CPU.ActiveCfg = Release|Any CPU
		{05AE0BF3-96E1-4CEA-9BE2-2D49CA3C2C1B}.Release|Any CPU.Build.0 = Release|Any CPU
	EndGlobalSection
	GlobalSection(SolutionProperties) = preSolution
		HideSolutionNode = FALSE
	EndGlobalSection
	GlobalSection(ExtensibilityGlobals) = postSolution
		SolutionGuid = {D9B2B192-6CEE-4B7E-8436-F65B1E6D8D42}
	EndGlobalSection
EndGlobal
